Microsoft Visual Studio Solution File, Format Version 12.00
# Visual Studio Version 16
VisualStudioVersion = 16.0.0.0
MinimumVisualStudioVersion = 16.0.0.0
Project("{FAE04EC0-301F-11D3-BF4B-00C04F79EFBC}") = "Me.Android", "Me.Xamarin\Me.Android\Me.Android.csproj", "{01539F8D-3959-421F-9432-DA6089954B0F}"
EndProject
Project("{FAE04EC0-301F-11D3-BF4B-00C04F79EFBC}") = "Me.iOS", "Me.Xamarin\Me.iOS\Me.iOS.csproj", "{2A71E0B0-9B91-4271-B730-1AED967B92C5}"
EndProject
Project("{9A19103F-16F7-4668-BE54-9A1E7A4F7556}") = "Me.Forms", "Me.Xamarin\Me.Forms\Me.Forms.csproj", "{BE1E8236-5557-41F2-8974-6E7EE55B09C2}"
EndProject
Project("{2150E333-8FDC-42A3-9474-1A3956D46DE8}") = ".platforms", ".platforms", "{55471DC4-6FEB-4968-AB6A-E87226277416}"
EndProject
Project("{9A19103F-16F7-4668-BE54-9A1E7A4F7556}") = "Me.Web", "Me.Web\Me.Web.csproj", "{526DA99A-1185-4B66-A687-F760C5E20F7B}"
EndProject
Project("{2150E333-8FDC-42A3-9474-1A3956D46DE8}") = "Blazor", "Blazor", "{193B5BC7-837E-4CE5-9681-9BC37FCF1329}"
EndProject
Project("{9A19103F-16F7-4668-BE54-9A1E7A4F7556}") = "Me.Blazor", "Me.Blazor\Me.Blazor\Me.Blazor.csproj", "{E81597A0-2C7E-42F3-BD52-8073F823FD02}"
EndProject
Project("{FAE04EC0-301F-11D3-BF4B-00C04F79EFBC}") = "Me.Blazor.Android", "Me.Blazor\Me.Blazor.Android\Me.Blazor.Android.csproj", "{5B30FE34-D78F-4E5A-B9A1-F1FAF81C8B70}"
EndProject
Project("{FAE04EC0-301F-11D3-BF4B-00C04F79EFBC}") = "Me.Blazor.iOS", "Me.Blazor\Me.Blazor.iOS\Me.Blazor.iOS.csproj", "{843A1919-66FA-4743-907A-19033302285F}"
EndProject
Project("{2150E333-8FDC-42A3-9474-1A3956D46DE8}") = "Xamarin", "Xamarin", "{C9A2ADD7-0F6F-4C32-AD33-2F95F4C4C358}"
EndProject
Project("{9A19103F-16F7-4668-BE54-9A1E7A4F7556}") = "Me", "Me.Xamarin\Me\Me.csproj", "{9F46392A-3B3E-47A2-9E76-FEB40A10EEDD}"
EndProject
Project("{9A19103F-16F7-4668-BE54-9A1E7A4F7556}") = "Me.Mockup", "Me.Xamarin\Me.Mockup\Me.Mockup.csproj", "{08BEA577-0177-4788-B651-CBDD60708D71}"
EndProject
Project("{FAE04EC0-301F-11D3-BF4B-00C04F79EFBC}") = "Me.Test", "Me.Xamarin\Me.Test\Me.Test.csproj", "{EBA6D098-F7DA-4525-8074-987492A4A0DB}"
EndProject
Global
	GlobalSection(SolutionConfigurationPlatforms) = preSolution
		Debug|Any CPU = Debug|Any CPU
		Debug|iPhone = Debug|iPhone
		Debug|iPhoneSimulator = Debug|iPhoneSimulator
		Debug|x64 = Debug|x64
		Debug|x86 = Debug|x86
		Release|Any CPU = Release|Any CPU
		Release|iPhone = Release|iPhone
		Release|iPhoneSimulator = Release|iPhoneSimulator
		Release|x64 = Release|x64
		Release|x86 = Release|x86
	EndGlobalSection
	GlobalSection(ProjectConfigurationPlatforms) = postSolution
		{01539F8D-3959-421F-9432-DA6089954B0F}.Debug|Any CPU.ActiveCfg = Debug|Any CPU
		{01539F8D-3959-421F-9432-DA6089954B0F}.Debug|Any CPU.Build.0 = Debug|Any CPU
		{01539F8D-3959-421F-9432-DA6089954B0F}.Debug|Any CPU.Deploy.0 = Debug|Any CPU
		{01539F8D-3959-421F-9432-DA6089954B0F}.Debug|iPhone.ActiveCfg = Debug|Any CPU
		{01539F8D-3959-421F-9432-DA6089954B0F}.Debug|iPhone.Build.0 = Debug|Any CPU
		{01539F8D-3959-421F-9432-DA6089954B0F}.Debug|iPhone.Deploy.0 = Debug|Any CPU
		{01539F8D-3959-421F-9432-DA6089954B0F}.Debug|iPhoneSimulator.ActiveCfg = Debug|Any CPU
		{01539F8D-3959-421F-9432-DA6089954B0F}.Debug|iPhoneSimulator.Build.0 = Debug|Any CPU
		{01539F8D-3959-421F-9432-DA6089954B0F}.Debug|iPhoneSimulator.Deploy.0 = Debug|Any CPU
		{01539F8D-3959-421F-9432-DA6089954B0F}.Debug|x64.ActiveCfg = Debug|Any CPU
		{01539F8D-3959-421F-9432-DA6089954B0F}.Debug|x64.Build.0 = Debug|Any CPU
		{01539F8D-3959-421F-9432-DA6089954B0F}.Debug|x64.Deploy.0 = Debug|Any CPU
		{01539F8D-3959-421F-9432-DA6089954B0F}.Debug|x86.ActiveCfg = Debug|Any CPU
		{01539F8D-3959-421F-9432-DA6089954B0F}.Debug|x86.Build.0 = Debug|Any CPU
		{01539F8D-3959-421F-9432-DA6089954B0F}.Debug|x86.Deploy.0 = Debug|Any CPU
		{01539F8D-3959-421F-9432-DA6089954B0F}.Release|Any CPU.ActiveCfg = Release|Any CPU
		{01539F8D-3959-421F-9432-DA6089954B0F}.Release|Any CPU.Build.0 = Release|Any CPU
		{01539F8D-3959-421F-9432-DA6089954B0F}.Release|Any CPU.Deploy.0 = Release|Any CPU
		{01539F8D-3959-421F-9432-DA6089954B0F}.Release|iPhone.ActiveCfg = Release|Any CPU
		{01539F8D-3959-421F-9432-DA6089954B0F}.Release|iPhone.Build.0 = Release|Any CPU
		{01539F8D-3959-421F-9432-DA6089954B0F}.Release|iPhone.Deploy.0 = Release|Any CPU
		{01539F8D-3959-421F-9432-DA6089954B0F}.Release|iPhoneSimulator.ActiveCfg = Release|Any CPU
		{01539F8D-3959-421F-9432-DA6089954B0F}.Release|iPhoneSimulator.Build.0 = Release|Any CPU
		{01539F8D-3959-421F-9432-DA6089954B0F}.Release|iPhoneSimulator.Deploy.0 = Release|Any CPU
		{01539F8D-3959-421F-9432-DA6089954B0F}.Release|x64.ActiveCfg = Release|Any CPU
		{01539F8D-3959-421F-9432-DA6089954B0F}.Release|x64.Build.0 = Release|Any CPU
		{01539F8D-3959-421F-9432-DA6089954B0F}.Release|x64.Deploy.0 = Release|Any CPU
		{01539F8D-3959-421F-9432-DA6089954B0F}.Release|x86.ActiveCfg = Release|Any CPU
		{01539F8D-3959-421F-9432-DA6089954B0F}.Release|x86.Build.0 = Release|Any CPU
		{01539F8D-3959-421F-9432-DA6089954B0F}.Release|x86.Deploy.0 = Release|Any CPU
		{2A71E0B0-9B91-4271-B730-1AED967B92C5}.Debug|Any CPU.ActiveCfg = Debug|iPhoneSimulator
		{2A71E0B0-9B91-4271-B730-1AED967B92C5}.Debug|Any CPU.Build.0 = Debug|iPhoneSimulator
		{2A71E0B0-9B91-4271-B730-1AED967B92C5}.Debug|Any CPU.Deploy.0 = Debug|iPhoneSimulator
		{2A71E0B0-9B91-4271-B730-1AED967B92C5}.Debug|iPhone.ActiveCfg = Debug|iPhone
		{2A71E0B0-9B91-4271-B730-1AED967B92C5}.Debug|iPhone.Build.0 = Debug|iPhone
		{2A71E0B0-9B91-4271-B730-1AED967B92C5}.Debug|iPhone.Deploy.0 = Debug|iPhone
		{2A71E0B0-9B91-4271-B730-1AED967B92C5}.Debug|iPhoneSimulator.ActiveCfg = Debug|iPhoneSimulator
		{2A71E0B0-9B91-4271-B730-1AED967B92C5}.Debug|iPhoneSimulator.Build.0 = Debug|iPhoneSimulator
		{2A71E0B0-9B91-4271-B730-1AED967B92C5}.Debug|iPhoneSimulator.Deploy.0 = Debug|iPhoneSimulator
		{2A71E0B0-9B91-4271-B730-1AED967B92C5}.Debug|x64.ActiveCfg = Debug|iPhone
		{2A71E0B0-9B91-4271-B730-1AED967B92C5}.Debug|x86.ActiveCfg = Debug|iPhone
		{2A71E0B0-9B91-4271-B730-1AED967B92C5}.Release|Any CPU.ActiveCfg = Release|iPhone
		{2A71E0B0-9B91-4271-B730-1AED967B92C5}.Release|Any CPU.Build.0 = Release|iPhone
		{2A71E0B0-9B91-4271-B730-1AED967B92C5}.Release|Any CPU.Deploy.0 = Release|iPhone
		{2A71E0B0-9B91-4271-B730-1AED967B92C5}.Release|iPhone.ActiveCfg = Release|iPhone
		{2A71E0B0-9B91-4271-B730-1AED967B92C5}.Release|iPhone.Build.0 = Release|iPhone
		{2A71E0B0-9B91-4271-B730-1AED967B92C5}.Release|iPhone.Deploy.0 = Release|iPhone
		{2A71E0B0-9B91-4271-B730-1AED967B92C5}.Release|iPhoneSimulator.ActiveCfg = Release|iPhoneSimulator
		{2A71E0B0-9B91-4271-B730-1AED967B92C5}.Release|iPhoneSimulator.Build.0 = Release|iPhoneSimulator
		{2A71E0B0-9B91-4271-B730-1AED967B92C5}.Release|iPhoneSimulator.Deploy.0 = Release|iPhoneSimulator
		{2A71E0B0-9B91-4271-B730-1AED967B92C5}.Release|x64.ActiveCfg = Release|iPhoneSimulator
		{2A71E0B0-9B91-4271-B730-1AED967B92C5}.Release|x86.ActiveCfg = Release|iPhoneSimulator
		{BE1E8236-5557-41F2-8974-6E7EE55B09C2}.Debug|Any CPU.ActiveCfg = Debug|Any CPU
		{BE1E8236-5557-41F2-8974-6E7EE55B09C2}.Debug|Any CPU.Build.0 = Debug|Any CPU
		{BE1E8236-5557-41F2-8974-6E7EE55B09C2}.Debug|Any CPU.Deploy.0 = Debug|Any CPU
		{BE1E8236-5557-41F2-8974-6E7EE55B09C2}.Debug|iPhone.ActiveCfg = Debug|Any CPU
		{BE1E8236-5557-41F2-8974-6E7EE55B09C2}.Debug|iPhone.Build.0 = Debug|Any CPU
		{BE1E8236-5557-41F2-8974-6E7EE55B09C2}.Debug|iPhone.Deploy.0 = Debug|Any CPU
		{BE1E8236-5557-41F2-8974-6E7EE55B09C2}.Debug|iPhoneSimulator.ActiveCfg = Debug|Any CPU
		{BE1E8236-5557-41F2-8974-6E7EE55B09C2}.Debug|iPhoneSimulator.Build.0 = Debug|Any CPU
		{BE1E8236-5557-41F2-8974-6E7EE55B09C2}.Debug|iPhoneSimulator.Deploy.0 = Debug|Any CPU
		{BE1E8236-5557-41F2-8974-6E7EE55B09C2}.Debug|x64.ActiveCfg = Debug|Any CPU
		{BE1E8236-5557-41F2-8974-6E7EE55B09C2}.Debug|x64.Build.0 = Debug|Any CPU
		{BE1E8236-5557-41F2-8974-6E7EE55B09C2}.Debug|x86.ActiveCfg = Debug|Any CPU
		{BE1E8236-5557-41F2-8974-6E7EE55B09C2}.Debug|x86.Build.0 = Debug|Any CPU
		{BE1E8236-5557-41F2-8974-6E7EE55B09C2}.Release|Any CPU.ActiveCfg = Release|Any CPU
		{BE1E8236-5557-41F2-8974-6E7EE55B09C2}.Release|Any CPU.Build.0 = Release|Any CPU
		{BE1E8236-5557-41F2-8974-6E7EE55B09C2}.Release|Any CPU.Deploy.0 = Release|Any CPU
		{BE1E8236-5557-41F2-8974-6E7EE55B09C2}.Release|iPhone.ActiveCfg = Release|Any CPU
		{BE1E8236-5557-41F2-8974-6E7EE55B09C2}.Release|iPhone.Build.0 = Release|Any CPU
		{BE1E8236-5557-41F2-8974-6E7EE55B09C2}.Release|iPhone.Deploy.0 = Release|Any CPU
		{BE1E8236-5557-41F2-8974-6E7EE55B09C2}.Release|iPhoneSimulator.ActiveCfg = Release|Any CPU
		{BE1E8236-5557-41F2-8974-6E7EE55B09C2}.Release|iPhoneSimulator.Build.0 = Release|Any CPU
		{BE1E8236-5557-41F2-8974-6E7EE55B09C2}.Release|iPhoneSimulator.Deploy.0 = Release|Any CPU
		{BE1E8236-5557-41F2-8974-6E7EE55B09C2}.Release|x64.ActiveCfg = Release|Any CPU
		{BE1E8236-5557-41F2-8974-6E7EE55B09C2}.Release|x64.Build.0 = Release|Any CPU
		{BE1E8236-5557-41F2-8974-6E7EE55B09C2}.Release|x86.ActiveCfg = Release|Any CPU
		{BE1E8236-5557-41F2-8974-6E7EE55B09C2}.Release|x86.Build.0 = Release|Any CPU
		{526DA99A-1185-4B66-A687-F760C5E20F7B}.Debug|Any CPU.ActiveCfg = Debug|Any CPU
		{526DA99A-1185-4B66-A687-F760C5E20F7B}.Debug|Any CPU.Build.0 = Debug|Any CPU
		{526DA99A-1185-4B66-A687-F760C5E20F7B}.Debug|iPhone.ActiveCfg = Debug|Any CPU
		{526DA99A-1185-4B66-A687-F760C5E20F7B}.Debug|iPhone.Build.0 = Debug|Any CPU
		{526DA99A-1185-4B66-A687-F760C5E20F7B}.Debug|iPhoneSimulator.ActiveCfg = Debug|Any CPU
		{526DA99A-1185-4B66-A687-F760C5E20F7B}.Debug|iPhoneSimulator.Build.0 = Debug|Any CPU
		{526DA99A-1185-4B66-A687-F760C5E20F7B}.Debug|x64.ActiveCfg = Debug|Any CPU
		{526DA99A-1185-4B66-A687-F760C5E20F7B}.Debug|x64.Build.0 = Debug|Any CPU
		{526DA99A-1185-4B66-A687-F760C5E20F7B}.Debug|x86.ActiveCfg = Debug|Any CPU
		{526DA99A-1185-4B66-A687-F760C5E20F7B}.Debug|x86.Build.0 = Debug|Any CPU
		{526DA99A-1185-4B66-A687-F760C5E20F7B}.Release|Any CPU.ActiveCfg = Release|Any CPU
		{526DA99A-1185-4B66-A687-F760C5E20F7B}.Release|Any CPU.Build.0 = Release|Any CPU
		{526DA99A-1185-4B66-A687-F760C5E20F7B}.Release|iPhone.ActiveCfg = Release|Any CPU
		{526DA99A-1185-4B66-A687-F760C5E20F7B}.Release|iPhone.Build.0 = Release|Any CPU
		{526DA99A-1185-4B66-A687-F760C5E20F7B}.Release|iPhoneSimulator.ActiveCfg = Release|Any CPU
		{526DA99A-1185-4B66-A687-F760C5E20F7B}.Release|iPhoneSimulator.Build.0 = Release|Any CPU
		{526DA99A-1185-4B66-A687-F760C5E20F7B}.Release|x64.ActiveCfg = Release|Any CPU
		{526DA99A-1185-4B66-A687-F760C5E20F7B}.Release|x64.Build.0 = Release|Any CPU
		{526DA99A-1185-4B66-A687-F760C5E20F7B}.Release|x86.ActiveCfg = Release|Any CPU
		{526DA99A-1185-4B66-A687-F760C5E20F7B}.Release|x86.Build.0 = Release|Any CPU
		{E81597A0-2C7E-42F3-BD52-8073F823FD02}.Debug|Any CPU.ActiveCfg = Debug|Any CPU
		{E81597A0-2C7E-42F3-BD52-8073F823FD02}.Debug|Any CPU.Build.0 = Debug|Any CPU
		{E81597A0-2C7E-42F3-BD52-8073F823FD02}.Debug|iPhone.ActiveCfg = Debug|Any CPU
		{E81597A0-2C7E-42F3-BD52-8073F823FD02}.Debug|iPhone.Build.0 = Debug|Any CPU
		{E81597A0-2C7E-42F3-BD52-8073F823FD02}.Debug|iPhoneSimulator.ActiveCfg = Debug|Any CPU
		{E81597A0-2C7E-42F3-BD52-8073F823FD02}.Debug|iPhoneSimulator.Build.0 = Debug|Any CPU
		{E81597A0-2C7E-42F3-BD52-8073F823FD02}.Debug|x64.ActiveCfg = Debug|Any CPU
		{E81597A0-2C7E-42F3-BD52-8073F823FD02}.Debug|x64.Build.0 = Debug|Any CPU
		{E81597A0-2C7E-42F3-BD52-8073F823FD02}.Debug|x86.ActiveCfg = Debug|Any CPU
		{E81597A0-2C7E-42F3-BD52-8073F823FD02}.Debug|x86.Build.0 = Debug|Any CPU
		{E81597A0-2C7E-42F3-BD52-8073F823FD02}.Release|Any CPU.ActiveCfg = Release|Any CPU
		{E81597A0-2C7E-42F3-BD52-8073F823FD02}.Release|Any CPU.Build.0 = Release|Any CPU
		{E81597A0-2C7E-42F3-BD52-8073F823FD02}.Release|iPhone.ActiveCfg = Release|Any CPU
		{E81597A0-2C7E-42F3-BD52-8073F823FD02}.Release|iPhone.Build.0 = Release|Any CPU
		{E81597A0-2C7E-42F3-BD52-8073F823FD02}.Release|iPhoneSimulator.ActiveCfg = Release|Any CPU
		{E81597A0-2C7E-42F3-BD52-8073F823FD02}.Release|iPhoneSimulator.Build.0 = Release|Any CPU
		{E81597A0-2C7E-42F3-BD52-8073F823FD02}.Release|x64.ActiveCfg = Release|Any CPU
		{E81597A0-2C7E-42F3-BD52-8073F823FD02}.Release|x64.Build.0 = Release|Any CPU
		{E81597A0-2C7E-42F3-BD52-8073F823FD02}.Release|x86.ActiveCfg = Release|Any CPU
		{E81597A0-2C7E-42F3-BD52-8073F823FD02}.Release|x86.Build.0 = Release|Any CPU
		{5B30FE34-D78F-4E5A-B9A1-F1FAF81C8B70}.Debug|Any CPU.ActiveCfg = Debug|Any CPU
		{5B30FE34-D78F-4E5A-B9A1-F1FAF81C8B70}.Debug|Any CPU.Build.0 = Debug|Any CPU
		{5B30FE34-D78F-4E5A-B9A1-F1FAF81C8B70}.Debug|Any CPU.Deploy.0 = Debug|Any CPU
		{5B30FE34-D78F-4E5A-B9A1-F1FAF81C8B70}.Debug|iPhone.ActiveCfg = Debug|Any CPU
		{5B30FE34-D78F-4E5A-B9A1-F1FAF81C8B70}.Debug|iPhone.Build.0 = Debug|Any CPU
		{5B30FE34-D78F-4E5A-B9A1-F1FAF81C8B70}.Debug|iPhone.Deploy.0 = Debug|Any CPU
		{5B30FE34-D78F-4E5A-B9A1-F1FAF81C8B70}.Debug|iPhoneSimulator.ActiveCfg = Debug|Any CPU
		{5B30FE34-D78F-4E5A-B9A1-F1FAF81C8B70}.Debug|iPhoneSimulator.Build.0 = Debug|Any CPU
		{5B30FE34-D78F-4E5A-B9A1-F1FAF81C8B70}.Debug|iPhoneSimulator.Deploy.0 = Debug|Any CPU
		{5B30FE34-D78F-4E5A-B9A1-F1FAF81C8B70}.Debug|x64.ActiveCfg = Debug|Any CPU
		{5B30FE34-D78F-4E5A-B9A1-F1FAF81C8B70}.Debug|x64.Build.0 = Debug|Any CPU
		{5B30FE34-D78F-4E5A-B9A1-F1FAF81C8B70}.Debug|x64.Deploy.0 = Debug|Any CPU
		{5B30FE34-D78F-4E5A-B9A1-F1FAF81C8B70}.Debug|x86.ActiveCfg = Debug|Any CPU
		{5B30FE34-D78F-4E5A-B9A1-F1FAF81C8B70}.Debug|x86.Build.0 = Debug|Any CPU
		{5B30FE34-D78F-4E5A-B9A1-F1FAF81C8B70}.Debug|x86.Deploy.0 = Debug|Any CPU
		{5B30FE34-D78F-4E5A-B9A1-F1FAF81C8B70}.Release|Any CPU.ActiveCfg = Release|Any CPU
		{5B30FE34-D78F-4E5A-B9A1-F1FAF81C8B70}.Release|Any CPU.Build.0 = Release|Any CPU
		{5B30FE34-D78F-4E5A-B9A1-F1FAF81C8B70}.Release|Any CPU.Deploy.0 = Release|Any CPU
		{5B30FE34-D78F-4E5A-B9A1-F1FAF81C8B70}.Release|iPhone.ActiveCfg = Release|Any CPU
		{5B30FE34-D78F-4E5A-B9A1-F1FAF81C8B70}.Release|iPhone.Build.0 = Release|Any CPU
		{5B30FE34-D78F-4E5A-B9A1-F1FAF81C8B70}.Release|iPhone.Deploy.0 = Release|Any CPU
		{5B30FE34-D78F-4E5A-B9A1-F1FAF81C8B70}.Release|iPhoneSimulator.ActiveCfg = Release|Any CPU
		{5B30FE34-D78F-4E5A-B9A1-F1FAF81C8B70}.Release|iPhoneSimulator.Build.0 = Release|Any CPU
		{5B30FE34-D78F-4E5A-B9A1-F1FAF81C8B70}.Release|iPhoneSimulator.Deploy.0 = Release|Any CPU
		{5B30FE34-D78F-4E5A-B9A1-F1FAF81C8B70}.Release|x64.ActiveCfg = Release|Any CPU
		{5B30FE34-D78F-4E5A-B9A1-F1FAF81C8B70}.Release|x64.Build.0 = Release|Any CPU
		{5B30FE34-D78F-4E5A-B9A1-F1FAF81C8B70}.Release|x64.Deploy.0 = Release|Any CPU
		{5B30FE34-D78F-4E5A-B9A1-F1FAF81C8B70}.Release|x86.ActiveCfg = Release|Any CPU
		{5B30FE34-D78F-4E5A-B9A1-F1FAF81C8B70}.Release|x86.Build.0 = Release|Any CPU
		{5B30FE34-D78F-4E5A-B9A1-F1FAF81C8B70}.Release|x86.Deploy.0 = Release|Any CPU
		{843A1919-66FA-4743-907A-19033302285F}.Debug|Any CPU.ActiveCfg = Debug|iPhone
		{843A1919-66FA-4743-907A-19033302285F}.Debug|iPhone.ActiveCfg = Debug|iPhone
		{843A1919-66FA-4743-907A-19033302285F}.Debug|iPhone.Build.0 = Debug|iPhone
		{843A1919-66FA-4743-907A-19033302285F}.Debug|iPhoneSimulator.ActiveCfg = Debug|iPhoneSimulator
		{843A1919-66FA-4743-907A-19033302285F}.Debug|iPhoneSimulator.Build.0 = Debug|iPhoneSimulator
		{843A1919-66FA-4743-907A-19033302285F}.Debug|x64.ActiveCfg = Debug|iPhone
		{843A1919-66FA-4743-907A-19033302285F}.Debug|x86.ActiveCfg = Debug|iPhone
		{843A1919-66FA-4743-907A-19033302285F}.Release|Any CPU.ActiveCfg = Release|iPhone
		{843A1919-66FA-4743-907A-19033302285F}.Release|iPhone.ActiveCfg = Release|iPhone
		{843A1919-66FA-4743-907A-19033302285F}.Release|iPhone.Build.0 = Release|iPhone
		{843A1919-66FA-4743-907A-19033302285F}.Release|iPhoneSimulator.ActiveCfg = Release|iPhoneSimulator
		{843A1919-66FA-4743-907A-19033302285F}.Release|iPhoneSimulator.Build.0 = Release|iPhoneSimulator
		{843A1919-66FA-4743-907A-19033302285F}.Release|x64.ActiveCfg = Release|iPhone
		{843A1919-66FA-4743-907A-19033302285F}.Release|x86.ActiveCfg = Release|iPhone
		{9F46392A-3B3E-47A2-9E76-FEB40A10EEDD}.Debug|Any CPU.ActiveCfg = Debug|Any CPU
		{9F46392A-3B3E-47A2-9E76-FEB40A10EEDD}.Debug|Any CPU.Build.0 = Debug|Any CPU
		{9F46392A-3B3E-47A2-9E76-FEB40A10EEDD}.Debug|iPhone.ActiveCfg = Debug|Any CPU
		{9F46392A-3B3E-47A2-9E76-FEB40A10EEDD}.Debug|iPhone.Build.0 = Debug|Any CPU
		{9F46392A-3B3E-47A2-9E76-FEB40A10EEDD}.Debug|iPhoneSimulator.ActiveCfg = Debug|Any CPU
		{9F46392A-3B3E-47A2-9E76-FEB40A10EEDD}.Debug|iPhoneSimulator.Build.0 = Debug|Any CPU
		{9F46392A-3B3E-47A2-9E76-FEB40A10EEDD}.Debug|x64.ActiveCfg = Debug|Any CPU
		{9F46392A-3B3E-47A2-9E76-FEB40A10EEDD}.Debug|x64.Build.0 = Debug|Any CPU
		{9F46392A-3B3E-47A2-9E76-FEB40A10EEDD}.Debug|x86.ActiveCfg = Debug|Any CPU
		{9F46392A-3B3E-47A2-9E76-FEB40A10EEDD}.Debug|x86.Build.0 = Debug|Any CPU
		{9F46392A-3B3E-47A2-9E76-FEB40A10EEDD}.Release|Any CPU.ActiveCfg = Release|Any CPU
		{9F46392A-3B3E-47A2-9E76-FEB40A10EEDD}.Release|Any CPU.Build.0 = Release|Any CPU
		{9F46392A-3B3E-47A2-9E76-FEB40A10EEDD}.Release|iPhone.ActiveCfg = Release|Any CPU
		{9F46392A-3B3E-47A2-9E76-FEB40A10EEDD}.Release|iPhone.Build.0 = Release|Any CPU
		{9F46392A-3B3E-47A2-9E76-FEB40A10EEDD}.Release|iPhoneSimulator.ActiveCfg = Release|Any CPU
		{9F46392A-3B3E-47A2-9E76-FEB40A10EEDD}.Release|iPhoneSimulator.Build.0 = Release|Any CPU
		{9F46392A-3B3E-47A2-9E76-FEB40A10EEDD}.Release|x64.ActiveCfg = Release|Any CPU
		{9F46392A-3B3E-47A2-9E76-FEB40A10EEDD}.Release|x64.Build.0 = Release|Any CPU
		{9F46392A-3B3E-47A2-9E76-FEB40A10EEDD}.Release|x86.ActiveCfg = Release|Any CPU
		{9F46392A-3B3E-47A2-9E76-FEB40A10EEDD}.Release|x86.Build.0 = Release|Any CPU
		{08BEA577-0177-4788-B651-CBDD60708D71}.Debug|Any CPU.ActiveCfg = Debug|Any CPU
		{08BEA577-0177-4788-B651-CBDD60708D71}.Debug|Any CPU.Build.0 = Debug|Any CPU
		{08BEA577-0177-4788-B651-CBDD60708D71}.Debug|iPhone.ActiveCfg = Debug|Any CPU
		{08BEA577-0177-4788-B651-CBDD60708D71}.Debug|iPhone.Build.0 = Debug|Any CPU
		{08BEA577-0177-4788-B651-CBDD60708D71}.Debug|iPhoneSimulator.ActiveCfg = Debug|Any CPU
		{08BEA577-0177-4788-B651-CBDD60708D71}.Debug|iPhoneSimulator.Build.0 = Debug|Any CPU
		{08BEA577-0177-4788-B651-CBDD60708D71}.Debug|x64.ActiveCfg = Debug|Any CPU
		{08BEA577-0177-4788-B651-CBDD60708D71}.Debug|x64.Build.0 = Debug|Any CPU
		{08BEA577-0177-4788-B651-CBDD60708D71}.Debug|x86.ActiveCfg = Debug|Any CPU
		{08BEA577-0177-4788-B651-CBDD60708D71}.Debug|x86.Build.0 = Debug|Any CPU
		{08BEA577-0177-4788-B651-CBDD60708D71}.Release|Any CPU.ActiveCfg = Release|Any CPU
		{08BEA577-0177-4788-B651-CBDD60708D71}.Release|Any CPU.Build.0 = Release|Any CPU
		{08BEA577-0177-4788-B651-CBDD60708D71}.Release|iPhone.ActiveCfg = Release|Any CPU
		{08BEA577-0177-4788-B651-CBDD60708D71}.Release|iPhone.Build.0 = Release|Any CPU
		{08BEA577-0177-4788-B651-CBDD60708D71}.Release|iPhoneSimulator.ActiveCfg = Release|Any CPU
		{08BEA577-0177-4788-B651-CBDD60708D71}.Release|iPhoneSimulator.Build.0 = Release|Any CPU
		{08BEA577-0177-4788-B651-CBDD60708D71}.Release|x64.ActiveCfg = Release|Any CPU
		{08BEA577-0177-4788-B651-CBDD60708D71}.Release|x64.Build.0 = Release|Any CPU
		{08BEA577-0177-4788-B651-CBDD60708D71}.Release|x86.ActiveCfg = Release|Any CPU
		{08BEA577-0177-4788-B651-CBDD60708D71}.Release|x86.Build.0 = Release|Any CPU
		{EBA6D098-F7DA-4525-8074-987492A4A0DB}.Debug|Any CPU.ActiveCfg = Debug|Any CPU
		{EBA6D098-F7DA-4525-8074-987492A4A0DB}.Debug|Any CPU.Build.0 = Debug|Any CPU
		{EBA6D098-F7DA-4525-8074-987492A4A0DB}.Debug|iPhone.ActiveCfg = Debug|Any CPU
		{EBA6D098-F7DA-4525-8074-987492A4A0DB}.Debug|iPhone.Build.0 = Debug|Any CPU
		{EBA6D098-F7DA-4525-8074-987492A4A0DB}.Debug|iPhoneSimulator.ActiveCfg = Debug|Any CPU
		{EBA6D098-F7DA-4525-8074-987492A4A0DB}.Debug|iPhoneSimulator.Build.0 = Debug|Any CPU
		{EBA6D098-F7DA-4525-8074-987492A4A0DB}.Debug|x64.ActiveCfg = Debug|Any CPU
		{EBA6D098-F7DA-4525-8074-987492A4A0DB}.Debug|x64.Build.0 = Debug|Any CPU
		{EBA6D098-F7DA-4525-8074-987492A4A0DB}.Debug|x86.ActiveCfg = Debug|Any CPU
		{EBA6D098-F7DA-4525-8074-987492A4A0DB}.Debug|x86.Build.0 = Debug|Any CPU
		{EBA6D098-F7DA-4525-8074-987492A4A0DB}.Release|Any CPU.ActiveCfg = Release|Any CPU
		{EBA6D098-F7DA-4525-8074-987492A4A0DB}.Release|Any CPU.Build.0 = Release|Any CPU
		{EBA6D098-F7DA-4525-8074-987492A4A0DB}.Release|iPhone.ActiveCfg = Release|Any CPU
		{EBA6D098-F7DA-4525-8074-987492A4A0DB}.Release|iPhone.Build.0 = Release|Any CPU
		{EBA6D098-F7DA-4525-8074-987492A4A0DB}.Release|iPhoneSimulator.ActiveCfg = Release|Any CPU
		{EBA6D098-F7DA-4525-8074-987492A4A0DB}.Release|iPhoneSimulator.Build.0 = Release|Any CPU
		{EBA6D098-F7DA-4525-8074-987492A4A0DB}.Release|x64.ActiveCfg = Release|Any CPU
		{EBA6D098-F7DA-4525-8074-987492A4A0DB}.Release|x64.Build.0 = Release|Any CPU
		{EBA6D098-F7DA-4525-8074-987492A4A0DB}.Release|x86.ActiveCfg = Release|Any CPU
		{EBA6D098-F7DA-4525-8074-987492A4A0DB}.Release|x86.Build.0 = Release|Any CPU
	EndGlobalSection
	GlobalSection(SolutionProperties) = preSolution
		HideSolutionNode = FALSE
	EndGlobalSection
	GlobalSection(NestedProjects) = preSolution
		{01539F8D-3959-421F-9432-DA6089954B0F} = {55471DC4-6FEB-4968-AB6A-E87226277416}
		{2A71E0B0-9B91-4271-B730-1AED967B92C5} = {55471DC4-6FEB-4968-AB6A-E87226277416}
		{BE1E8236-5557-41F2-8974-6E7EE55B09C2} = {C9A2ADD7-0F6F-4C32-AD33-2F95F4C4C358}
		{55471DC4-6FEB-4968-AB6A-E87226277416} = {C9A2ADD7-0F6F-4C32-AD33-2F95F4C4C358}
		{E81597A0-2C7E-42F3-BD52-8073F823FD02} = {193B5BC7-837E-4CE5-9681-9BC37FCF1329}
		{5B30FE34-D78F-4E5A-B9A1-F1FAF81C8B70} = {193B5BC7-837E-4CE5-9681-9BC37FCF1329}
		{843A1919-66FA-4743-907A-19033302285F} = {193B5BC7-837E-4CE5-9681-9BC37FCF1329}
		{9F46392A-3B3E-47A2-9E76-FEB40A10EEDD} = {C9A2ADD7-0F6F-4C32-AD33-2F95F4C4C358}
		{08BEA577-0177-4788-B651-CBDD60708D71} = {C9A2ADD7-0F6F-4C32-AD33-2F95F4C4C358}
		{EBA6D098-F7DA-4525-8074-987492A4A0DB} = {C9A2ADD7-0F6F-4C32-AD33-2F95F4C4C358}
	EndGlobalSection
	GlobalSection(ExtensibilityGlobals) = postSolution
		SolutionGuid = {C7711BD6-AD2A-44D8-8270-00E0E2DBA48A}
	EndGlobalSection
EndGlobal
