Microsoft Visual Studio Solution File, Format Version 12.00
# Visual Studio Version 16
VisualStudioVersion = 16.0.0.0
MinimumVisualStudioVersion = 16.0.0.0
Project("{9A19103F-16F7-4668-BE54-9A1E7A4F7556}") = "Me.Blazor", "Me.Blazor\Me.Blazor.csproj", "{E81597A0-2C7E-42F3-BD52-8073F823FD02}"
EndProject
Project("{FAE04EC0-301F-11D3-BF4B-00C04F79EFBC}") = "Me.Blazor.Android", "Me.Blazor.Android\Me.Blazor.Android.csproj", "{5B30FE34-D78F-4E5A-B9A1-F1FAF81C8B70}"
EndProject
Project("{FAE04EC0-301F-11D3-BF4B-00C04F79EFBC}") = "Me.Blazor.iOS", "Me.Blazor.iOS\Me.Blazor.iOS.csproj", "{843A1919-66FA-4743-907A-19033302285F}"
EndProject
Global
	GlobalSection(SolutionConfigurationPlatforms) = preSolution
		Debug|Any CPU = Debug|Any CPU
		Debug|iPhone = Debug|iPhone
		Debug|iPhoneSimulator = Debug|iPhoneSimulator
		Debug|x64 = Debug|x64
		Debug|x86 = Debug|x86
		Release|Any CPU = Release|Any CPU
		Release|iPhone = Release|iPhone
		Release|iPhoneSimulator = Release|iPhoneSimulator
		Release|x64 = Release|x64
		Release|x86 = Release|x86
	EndGlobalSection
	GlobalSection(ProjectConfigurationPlatforms) = postSolution
		{5B30FE34-D78F-4E5A-B9A1-F1FAF81C8B70}.Debug|Any CPU.ActiveCfg = Debug|Any CPU
		{5B30FE34-D78F-4E5A-B9A1-F1FAF81C8B70}.Debug|Any CPU.Build.0 = Debug|Any CPU
		{5B30FE34-D78F-4E5A-B9A1-F1FAF81C8B70}.Debug|Any CPU.Deploy.0 = Debug|Any CPU
		{5B30FE34-D78F-4E5A-B9A1-F1FAF81C8B70}.Debug|iPhone.ActiveCfg = Debug|Any CPU
		{5B30FE34-D78F-4E5A-B9A1-F1FAF81C8B70}.Debug|iPhone.Build.0 = Debug|Any CPU
		{5B30FE34-D78F-4E5A-B9A1-F1FAF81C8B70}.Debug|iPhone.Deploy.0 = Debug|Any CPU
		{5B30FE34-D78F-4E5A-B9A1-F1FAF81C8B70}.Debug|iPhoneSimulator.ActiveCfg = Debug|Any CPU
		{5B30FE34-D78F-4E5A-B9A1-F1FAF81C8B70}.Debug|iPhoneSimulator.Build.0 = Debug|Any CPU
		{5B30FE34-D78F-4E5A-B9A1-F1FAF81C8B70}.Debug|iPhoneSimulator.Deploy.0 = Debug|Any CPU
		{5B30FE34-D78F-4E5A-B9A1-F1FAF81C8B70}.Debug|x64.ActiveCfg = Debug|Any CPU
		{5B30FE34-D78F-4E5A-B9A1-F1FAF81C8B70}.Debug|x64.Build.0 = Debug|Any CPU
		{5B30FE34-D78F-4E5A-B9A1-F1FAF81C8B70}.Debug|x64.Deploy.0 = Debug|Any CPU
		{5B30FE34-D78F-4E5A-B9A1-F1FAF81C8B70}.Debug|x86.ActiveCfg = Debug|Any CPU
		{5B30FE34-D78F-4E5A-B9A1-F1FAF81C8B70}.Debug|x86.Build.0 = Debug|Any CPU
		{5B30FE34-D78F-4E5A-B9A1-F1FAF81C8B70}.Debug|x86.Deploy.0 = Debug|Any CPU
		{5B30FE34-D78F-4E5A-B9A1-F1FAF81C8B70}.Release|Any CPU.ActiveCfg = Release|Any CPU
		{5B30FE34-D78F-4E5A-B9A1-F1FAF81C8B70}.Release|Any CPU.Build.0 = Release|Any CPU
		{5B30FE34-D78F-4E5A-B9A1-F1FAF81C8B70}.Release|Any CPU.Deploy.0 = Release|Any CPU
		{5B30FE34-D78F-4E5A-B9A1-F1FAF81C8B70}.Release|iPhone.ActiveCfg = Release|Any CPU
		{5B30FE34-D78F-4E5A-B9A1-F1FAF81C8B70}.Release|iPhone.Build.0 = Release|Any CPU
		{5B30FE34-D78F-4E5A-B9A1-F1FAF81C8B70}.Release|iPhone.Deploy.0 = Release|Any CPU
		{5B30FE34-D78F-4E5A-B9A1-F1FAF81C8B70}.Release|iPhoneSimulator.ActiveCfg = Release|Any CPU
		{5B30FE34-D78F-4E5A-B9A1-F1FAF81C8B70}.Release|iPhoneSimulator.Build.0 = Release|Any CPU
		{5B30FE34-D78F-4E5A-B9A1-F1FAF81C8B70}.Release|iPhoneSimulator.Deploy.0 = Release|Any CPU
		{5B30FE34-D78F-4E5A-B9A1-F1FAF81C8B70}.Release|x64.ActiveCfg = Release|Any CPU
		{5B30FE34-D78F-4E5A-B9A1-F1FAF81C8B70}.Release|x64.Build.0 = Release|Any CPU
		{5B30FE34-D78F-4E5A-B9A1-F1FAF81C8B70}.Release|x64.Deploy.0 = Release|Any CPU
		{5B30FE34-D78F-4E5A-B9A1-F1FAF81C8B70}.Release|x86.ActiveCfg = Release|Any CPU
		{5B30FE34-D78F-4E5A-B9A1-F1FAF81C8B70}.Release|x86.Build.0 = Release|Any CPU
		{5B30FE34-D78F-4E5A-B9A1-F1FAF81C8B70}.Release|x86.Deploy.0 = Release|Any CPU
		{E81597A0-2C7E-42F3-BD52-8073F823FD02}.Debug|Any CPU.ActiveCfg = Debug|Any CPU
		{E81597A0-2C7E-42F3-BD52-8073F823FD02}.Debug|Any CPU.Build.0 = Debug|Any CPU
		{E81597A0-2C7E-42F3-BD52-8073F823FD02}.Debug|iPhone.ActiveCfg = Debug|Any CPU
		{E81597A0-2C7E-42F3-BD52-8073F823FD02}.Debug|iPhone.Build.0 = Debug|Any CPU
		{E81597A0-2C7E-42F3-BD52-8073F823FD02}.Debug|iPhoneSimulator.ActiveCfg = Debug|Any CPU
		{E81597A0-2C7E-42F3-BD52-8073F823FD02}.Debug|iPhoneSimulator.Build.0 = Debug|Any CPU
		{E81597A0-2C7E-42F3-BD52-8073F823FD02}.Debug|x64.ActiveCfg = Debug|Any CPU
		{E81597A0-2C7E-42F3-BD52-8073F823FD02}.Debug|x64.Build.0 = Debug|Any CPU
		{E81597A0-2C7E-42F3-BD52-8073F823FD02}.Debug|x86.ActiveCfg = Debug|Any CPU
		{E81597A0-2C7E-42F3-BD52-8073F823FD02}.Debug|x86.Build.0 = Debug|Any CPU
		{E81597A0-2C7E-42F3-BD52-8073F823FD02}.Release|Any CPU.ActiveCfg = Release|Any CPU
		{E81597A0-2C7E-42F3-BD52-8073F823FD02}.Release|Any CPU.Build.0 = Release|Any CPU
		{E81597A0-2C7E-42F3-BD52-8073F823FD02}.Release|iPhone.ActiveCfg = Release|Any CPU
		{E81597A0-2C7E-42F3-BD52-8073F823FD02}.Release|iPhone.Build.0 = Release|Any CPU
		{E81597A0-2C7E-42F3-BD52-8073F823FD02}.Release|iPhoneSimulator.ActiveCfg = Release|Any CPU
		{E81597A0-2C7E-42F3-BD52-8073F823FD02}.Release|iPhoneSimulator.Build.0 = Release|Any CPU
		{E81597A0-2C7E-42F3-BD52-8073F823FD02}.Release|x64.ActiveCfg = Release|Any CPU
		{E81597A0-2C7E-42F3-BD52-8073F823FD02}.Release|x64.Build.0 = Release|Any CPU
		{E81597A0-2C7E-42F3-BD52-8073F823FD02}.Release|x86.ActiveCfg = Release|Any CPU
		{E81597A0-2C7E-42F3-BD52-8073F823FD02}.Release|x86.Build.0 = Release|Any CPU
		{843A1919-66FA-4743-907A-19033302285F}.Debug|Any CPU.ActiveCfg = Debug|iPhone
		{843A1919-66FA-4743-907A-19033302285F}.Debug|iPhone.ActiveCfg = Debug|iPhone
		{843A1919-66FA-4743-907A-19033302285F}.Debug|iPhone.Build.0 = Debug|iPhone
		{843A1919-66FA-4743-907A-19033302285F}.Debug|iPhoneSimulator.ActiveCfg = Debug|iPhoneSimulator
		{843A1919-66FA-4743-907A-19033302285F}.Debug|iPhoneSimulator.Build.0 = Debug|iPhoneSimulator
		{843A1919-66FA-4743-907A-19033302285F}.Debug|x64.ActiveCfg = Debug|iPhone
		{843A1919-66FA-4743-907A-19033302285F}.Debug|x86.ActiveCfg = Debug|iPhone
		{843A1919-66FA-4743-907A-19033302285F}.Release|Any CPU.ActiveCfg = Release|iPhone
		{843A1919-66FA-4743-907A-19033302285F}.Release|iPhone.ActiveCfg = Release|iPhone
		{843A1919-66FA-4743-907A-19033302285F}.Release|iPhone.Build.0 = Release|iPhone
		{843A1919-66FA-4743-907A-19033302285F}.Release|iPhoneSimulator.ActiveCfg = Release|iPhoneSimulator
		{843A1919-66FA-4743-907A-19033302285F}.Release|iPhoneSimulator.Build.0 = Release|iPhoneSimulator
		{843A1919-66FA-4743-907A-19033302285F}.Release|x64.ActiveCfg = Release|iPhone
		{843A1919-66FA-4743-907A-19033302285F}.Release|x86.ActiveCfg = Release|iPhone
	EndGlobalSection
	GlobalSection(SolutionProperties) = preSolution
		HideSolutionNode = FALSE
	EndGlobalSection
	GlobalSection(ExtensibilityGlobals) = postSolution
		SolutionGuid = {C7711BD6-AD2A-44D8-8270-00E0E2DBA48A}
	EndGlobalSection
EndGlobal