
Microsoft Visual Studio Solution File, Format Version 12.00
# Visual Studio Version 16
VisualStudioVersion = 16.0.28711.60
MinimumVisualStudioVersion = 10.0.40219.1
Project("{9A19103F-16F7-4668-BE54-9A1E7A4F7556}") = "Me.Blazor", "Me.Blazor\Me.Blazor.csproj", "{49AC7E88-931C-4F64-92D6-9FCCE4D3DF90}"
EndProject
Project("{FAE04EC0-301F-11D3-BF4B-00C04F79EFBC}") = "Me.Android", "Me.Android\Me.Android.csproj", "{4EAE40B5-4C7D-4A54-B419-9D60BFFD20C9}"
EndProject
Project("{FAE04EC0-301F-11D3-BF4B-00C04F79EFBC}") = "Me.iOS", "Me.iOS\Me.iOS.csproj", "{D40DE5A6-3668-4D2D-BACC-B4363CC4FB5F}"
EndProject
Project("{9A19103F-16F7-4668-BE54-9A1E7A4F7556}") = "Me.Blazor.Server", "Me.Blazor.Server\Me.Blazor.Server.csproj", "{FDC0EA33-F742-4C67-8C96-075D312D0D11}"
EndProject
Project("{FAE04EC0-301F-11D3-BF4B-00C04F79EFBC}") = "Me.UWP", "Me.UWP\Me.UWP.csproj", "{6B05AAAC-55F1-4453-B79D-8425A5E696B9}"
EndProject
Project("{9A19103F-16F7-4668-BE54-9A1E7A4F7556}") = "Me.Desktop", "Me.Desktop\Me.Desktop.csproj", "{45A0BC0E-1010-43B7-A413-7DDF3B87529C}"
EndProject
Project("{2150E333-8FDC-42A3-9474-1A3956D46DE8}") = ".Repo", ".Repo", "{1C64FA7D-5B8C-4985-898D-CC801EFB0C89}"
	ProjectSection(SolutionItems) = preProject
		.gitignore = .gitignore
		readme.md = readme.md
	EndProjectSection
EndProject
Project("{2150E333-8FDC-42A3-9474-1A3956D46DE8}") = "Platforms", "Platforms", "{81E702BE-65E8-4580-BFF1-278ACED487B9}"
EndProject
Project("{2150E333-8FDC-42A3-9474-1A3956D46DE8}") = "Blazor", "Blazor", "{B6FCF6D2-AC92-47F4-B42C-842CE89F96FA}"
EndProject
Project("{2150E333-8FDC-42A3-9474-1A3956D46DE8}") = "Xamarin", "Xamarin", "{A52530E5-1ACA-4FBB-B76E-1611B74DD1EE}"
EndProject
Project("{9A19103F-16F7-4668-BE54-9A1E7A4F7556}") = "Me.Core", "Me.Core\Me.Core.csproj", "{52F4CEF1-FE7C-47E2-93F1-A175C69AA283}"
EndProject
Project("{9A19103F-16F7-4668-BE54-9A1E7A4F7556}") = "Me.Forms", "Me.Forms\Me.Forms.csproj", "{9C2E7E1A-9113-4E48-ACFF-9ADF15FF77B4}"
EndProject
Global
	GlobalSection(SolutionConfigurationPlatforms) = preSolution
		Ad-Hoc|Any CPU = Ad-Hoc|Any CPU
		Ad-Hoc|ARM = Ad-Hoc|ARM
		Ad-Hoc|iPhone = Ad-Hoc|iPhone
		Ad-Hoc|iPhoneSimulator = Ad-Hoc|iPhoneSimulator
		Ad-Hoc|x64 = Ad-Hoc|x64
		Ad-Hoc|x86 = Ad-Hoc|x86
		AppStore|Any CPU = AppStore|Any CPU
		AppStore|ARM = AppStore|ARM
		AppStore|iPhone = AppStore|iPhone
		AppStore|iPhoneSimulator = AppStore|iPhoneSimulator
		AppStore|x64 = AppStore|x64
		AppStore|x86 = AppStore|x86
		Debug|Any CPU = Debug|Any CPU
		Debug|ARM = Debug|ARM
		Debug|iPhone = Debug|iPhone
		Debug|iPhoneSimulator = Debug|iPhoneSimulator
		Debug|x64 = Debug|x64
		Debug|x86 = Debug|x86
		Release|Any CPU = Release|Any CPU
		Release|ARM = Release|ARM
		Release|iPhone = Release|iPhone
		Release|iPhoneSimulator = Release|iPhoneSimulator
		Release|x64 = Release|x64
		Release|x86 = Release|x86
	EndGlobalSection
	GlobalSection(ProjectConfigurationPlatforms) = postSolution
		{49AC7E88-931C-4F64-92D6-9FCCE4D3DF90}.Ad-Hoc|Any CPU.ActiveCfg = Debug|Any CPU
		{49AC7E88-931C-4F64-92D6-9FCCE4D3DF90}.Ad-Hoc|Any CPU.Build.0 = Debug|Any CPU
		{49AC7E88-931C-4F64-92D6-9FCCE4D3DF90}.Ad-Hoc|ARM.ActiveCfg = Release|Any CPU
		{49AC7E88-931C-4F64-92D6-9FCCE4D3DF90}.Ad-Hoc|ARM.Build.0 = Release|Any CPU
		{49AC7E88-931C-4F64-92D6-9FCCE4D3DF90}.Ad-Hoc|iPhone.ActiveCfg = Debug|Any CPU
		{49AC7E88-931C-4F64-92D6-9FCCE4D3DF90}.Ad-Hoc|iPhone.Build.0 = Debug|Any CPU
		{49AC7E88-931C-4F64-92D6-9FCCE4D3DF90}.Ad-Hoc|iPhoneSimulator.ActiveCfg = Debug|Any CPU
		{49AC7E88-931C-4F64-92D6-9FCCE4D3DF90}.Ad-Hoc|iPhoneSimulator.Build.0 = Debug|Any CPU
		{49AC7E88-931C-4F64-92D6-9FCCE4D3DF90}.Ad-Hoc|x64.ActiveCfg = Release|Any CPU
		{49AC7E88-931C-4F64-92D6-9FCCE4D3DF90}.Ad-Hoc|x64.Build.0 = Release|Any CPU
		{49AC7E88-931C-4F64-92D6-9FCCE4D3DF90}.Ad-Hoc|x86.ActiveCfg = Release|Any CPU
		{49AC7E88-931C-4F64-92D6-9FCCE4D3DF90}.Ad-Hoc|x86.Build.0 = Release|Any CPU
		{49AC7E88-931C-4F64-92D6-9FCCE4D3DF90}.AppStore|Any CPU.ActiveCfg = Debug|Any CPU
		{49AC7E88-931C-4F64-92D6-9FCCE4D3DF90}.AppStore|Any CPU.Build.0 = Debug|Any CPU
		{49AC7E88-931C-4F64-92D6-9FCCE4D3DF90}.AppStore|ARM.ActiveCfg = Release|Any CPU
		{49AC7E88-931C-4F64-92D6-9FCCE4D3DF90}.AppStore|ARM.Build.0 = Release|Any CPU
		{49AC7E88-931C-4F64-92D6-9FCCE4D3DF90}.AppStore|iPhone.ActiveCfg = Debug|Any CPU
		{49AC7E88-931C-4F64-92D6-9FCCE4D3DF90}.AppStore|iPhone.Build.0 = Debug|Any CPU
		{49AC7E88-931C-4F64-92D6-9FCCE4D3DF90}.AppStore|iPhoneSimulator.ActiveCfg = Debug|Any CPU
		{49AC7E88-931C-4F64-92D6-9FCCE4D3DF90}.AppStore|iPhoneSimulator.Build.0 = Debug|Any CPU
		{49AC7E88-931C-4F64-92D6-9FCCE4D3DF90}.AppStore|x64.ActiveCfg = Release|Any CPU
		{49AC7E88-931C-4F64-92D6-9FCCE4D3DF90}.AppStore|x64.Build.0 = Release|Any CPU
		{49AC7E88-931C-4F64-92D6-9FCCE4D3DF90}.AppStore|x86.ActiveCfg = Release|Any CPU
		{49AC7E88-931C-4F64-92D6-9FCCE4D3DF90}.AppStore|x86.Build.0 = Release|Any CPU
		{49AC7E88-931C-4F64-92D6-9FCCE4D3DF90}.Debug|Any CPU.ActiveCfg = Debug|Any CPU
		{49AC7E88-931C-4F64-92D6-9FCCE4D3DF90}.Debug|Any CPU.Build.0 = Debug|Any CPU
		{49AC7E88-931C-4F64-92D6-9FCCE4D3DF90}.Debug|ARM.ActiveCfg = Debug|Any CPU
		{49AC7E88-931C-4F64-92D6-9FCCE4D3DF90}.Debug|ARM.Build.0 = Debug|Any CPU
		{49AC7E88-931C-4F64-92D6-9FCCE4D3DF90}.Debug|iPhone.ActiveCfg = Debug|Any CPU
		{49AC7E88-931C-4F64-92D6-9FCCE4D3DF90}.Debug|iPhone.Build.0 = Debug|Any CPU
		{49AC7E88-931C-4F64-92D6-9FCCE4D3DF90}.Debug|iPhoneSimulator.ActiveCfg = Debug|Any CPU
		{49AC7E88-931C-4F64-92D6-9FCCE4D3DF90}.Debug|iPhoneSimulator.Build.0 = Debug|Any CPU
		{49AC7E88-931C-4F64-92D6-9FCCE4D3DF90}.Debug|x64.ActiveCfg = Debug|Any CPU
		{49AC7E88-931C-4F64-92D6-9FCCE4D3DF90}.Debug|x64.Build.0 = Debug|Any CPU
		{49AC7E88-931C-4F64-92D6-9FCCE4D3DF90}.Debug|x86.ActiveCfg = Debug|Any CPU
		{49AC7E88-931C-4F64-92D6-9FCCE4D3DF90}.Debug|x86.Build.0 = Debug|Any CPU
		{49AC7E88-931C-4F64-92D6-9FCCE4D3DF90}.Release|Any CPU.ActiveCfg = Release|Any CPU
		{49AC7E88-931C-4F64-92D6-9FCCE4D3DF90}.Release|Any CPU.Build.0 = Release|Any CPU
		{49AC7E88-931C-4F64-92D6-9FCCE4D3DF90}.Release|ARM.ActiveCfg = Release|Any CPU
		{49AC7E88-931C-4F64-92D6-9FCCE4D3DF90}.Release|ARM.Build.0 = Release|Any CPU
		{49AC7E88-931C-4F64-92D6-9FCCE4D3DF90}.Release|iPhone.ActiveCfg = Release|Any CPU
		{49AC7E88-931C-4F64-92D6-9FCCE4D3DF90}.Release|iPhone.Build.0 = Release|Any CPU
		{49AC7E88-931C-4F64-92D6-9FCCE4D3DF90}.Release|iPhoneSimulator.ActiveCfg = Release|Any CPU
		{49AC7E88-931C-4F64-92D6-9FCCE4D3DF90}.Release|iPhoneSimulator.Build.0 = Release|Any CPU
		{49AC7E88-931C-4F64-92D6-9FCCE4D3DF90}.Release|x64.ActiveCfg = Release|Any CPU
		{49AC7E88-931C-4F64-92D6-9FCCE4D3DF90}.Release|x64.Build.0 = Release|Any CPU
		{49AC7E88-931C-4F64-92D6-9FCCE4D3DF90}.Release|x86.ActiveCfg = Release|Any CPU
		{49AC7E88-931C-4F64-92D6-9FCCE4D3DF90}.Release|x86.Build.0 = Release|Any CPU
		{4EAE40B5-4C7D-4A54-B419-9D60BFFD20C9}.Ad-Hoc|Any CPU.ActiveCfg = Release|Any CPU
		{4EAE40B5-4C7D-4A54-B419-9D60BFFD20C9}.Ad-Hoc|Any CPU.Build.0 = Release|Any CPU
		{4EAE40B5-4C7D-4A54-B419-9D60BFFD20C9}.Ad-Hoc|Any CPU.Deploy.0 = Release|Any CPU
		{4EAE40B5-4C7D-4A54-B419-9D60BFFD20C9}.Ad-Hoc|ARM.ActiveCfg = Debug|Any CPU
		{4EAE40B5-4C7D-4A54-B419-9D60BFFD20C9}.Ad-Hoc|ARM.Build.0 = Debug|Any CPU
		{4EAE40B5-4C7D-4A54-B419-9D60BFFD20C9}.Ad-Hoc|ARM.Deploy.0 = Debug|Any CPU
		{4EAE40B5-4C7D-4A54-B419-9D60BFFD20C9}.Ad-Hoc|iPhone.ActiveCfg = Release|Any CPU
		{4EAE40B5-4C7D-4A54-B419-9D60BFFD20C9}.Ad-Hoc|iPhone.Build.0 = Release|Any CPU
		{4EAE40B5-4C7D-4A54-B419-9D60BFFD20C9}.Ad-Hoc|iPhone.Deploy.0 = Release|Any CPU
		{4EAE40B5-4C7D-4A54-B419-9D60BFFD20C9}.Ad-Hoc|iPhoneSimulator.ActiveCfg = Release|Any CPU
		{4EAE40B5-4C7D-4A54-B419-9D60BFFD20C9}.Ad-Hoc|iPhoneSimulator.Build.0 = Release|Any CPU
		{4EAE40B5-4C7D-4A54-B419-9D60BFFD20C9}.Ad-Hoc|iPhoneSimulator.Deploy.0 = Release|Any CPU
		{4EAE40B5-4C7D-4A54-B419-9D60BFFD20C9}.Ad-Hoc|x64.ActiveCfg = Debug|Any CPU
		{4EAE40B5-4C7D-4A54-B419-9D60BFFD20C9}.Ad-Hoc|x64.Build.0 = Debug|Any CPU
		{4EAE40B5-4C7D-4A54-B419-9D60BFFD20C9}.Ad-Hoc|x64.Deploy.0 = Debug|Any CPU
		{4EAE40B5-4C7D-4A54-B419-9D60BFFD20C9}.Ad-Hoc|x86.ActiveCfg = Debug|Any CPU
		{4EAE40B5-4C7D-4A54-B419-9D60BFFD20C9}.Ad-Hoc|x86.Build.0 = Debug|Any CPU
		{4EAE40B5-4C7D-4A54-B419-9D60BFFD20C9}.Ad-Hoc|x86.Deploy.0 = Debug|Any CPU
		{4EAE40B5-4C7D-4A54-B419-9D60BFFD20C9}.AppStore|Any CPU.ActiveCfg = Release|Any CPU
		{4EAE40B5-4C7D-4A54-B419-9D60BFFD20C9}.AppStore|Any CPU.Build.0 = Release|Any CPU
		{4EAE40B5-4C7D-4A54-B419-9D60BFFD20C9}.AppStore|Any CPU.Deploy.0 = Release|Any CPU
		{4EAE40B5-4C7D-4A54-B419-9D60BFFD20C9}.AppStore|ARM.ActiveCfg = Debug|Any CPU
		{4EAE40B5-4C7D-4A54-B419-9D60BFFD20C9}.AppStore|ARM.Build.0 = Debug|Any CPU
		{4EAE40B5-4C7D-4A54-B419-9D60BFFD20C9}.AppStore|ARM.Deploy.0 = Debug|Any CPU
		{4EAE40B5-4C7D-4A54-B419-9D60BFFD20C9}.AppStore|iPhone.ActiveCfg = Release|Any CPU
		{4EAE40B5-4C7D-4A54-B419-9D60BFFD20C9}.AppStore|iPhone.Build.0 = Release|Any CPU
		{4EAE40B5-4C7D-4A54-B419-9D60BFFD20C9}.AppStore|iPhone.Deploy.0 = Release|Any CPU
		{4EAE40B5-4C7D-4A54-B419-9D60BFFD20C9}.AppStore|iPhoneSimulator.ActiveCfg = Release|Any CPU
		{4EAE40B5-4C7D-4A54-B419-9D60BFFD20C9}.AppStore|iPhoneSimulator.Build.0 = Release|Any CPU
		{4EAE40B5-4C7D-4A54-B419-9D60BFFD20C9}.AppStore|iPhoneSimulator.Deploy.0 = Release|Any CPU
		{4EAE40B5-4C7D-4A54-B419-9D60BFFD20C9}.AppStore|x64.ActiveCfg = Debug|Any CPU
		{4EAE40B5-4C7D-4A54-B419-9D60BFFD20C9}.AppStore|x64.Build.0 = Debug|Any CPU
		{4EAE40B5-4C7D-4A54-B419-9D60BFFD20C9}.AppStore|x64.Deploy.0 = Debug|Any CPU
		{4EAE40B5-4C7D-4A54-B419-9D60BFFD20C9}.AppStore|x86.ActiveCfg = Debug|Any CPU
		{4EAE40B5-4C7D-4A54-B419-9D60BFFD20C9}.AppStore|x86.Build.0 = Debug|Any CPU
		{4EAE40B5-4C7D-4A54-B419-9D60BFFD20C9}.AppStore|x86.Deploy.0 = Debug|Any CPU
		{4EAE40B5-4C7D-4A54-B419-9D60BFFD20C9}.Debug|Any CPU.ActiveCfg = Debug|Any CPU
		{4EAE40B5-4C7D-4A54-B419-9D60BFFD20C9}.Debug|Any CPU.Build.0 = Debug|Any CPU
		{4EAE40B5-4C7D-4A54-B419-9D60BFFD20C9}.Debug|Any CPU.Deploy.0 = Debug|Any CPU
		{4EAE40B5-4C7D-4A54-B419-9D60BFFD20C9}.Debug|ARM.ActiveCfg = Debug|Any CPU
		{4EAE40B5-4C7D-4A54-B419-9D60BFFD20C9}.Debug|ARM.Build.0 = Debug|Any CPU
		{4EAE40B5-4C7D-4A54-B419-9D60BFFD20C9}.Debug|ARM.Deploy.0 = Debug|Any CPU
		{4EAE40B5-4C7D-4A54-B419-9D60BFFD20C9}.Debug|iPhone.ActiveCfg = Debug|Any CPU
		{4EAE40B5-4C7D-4A54-B419-9D60BFFD20C9}.Debug|iPhone.Build.0 = Debug|Any CPU
		{4EAE40B5-4C7D-4A54-B419-9D60BFFD20C9}.Debug|iPhone.Deploy.0 = Debug|Any CPU
		{4EAE40B5-4C7D-4A54-B419-9D60BFFD20C9}.Debug|iPhoneSimulator.ActiveCfg = Debug|Any CPU
		{4EAE40B5-4C7D-4A54-B419-9D60BFFD20C9}.Debug|iPhoneSimulator.Build.0 = Debug|Any CPU
		{4EAE40B5-4C7D-4A54-B419-9D60BFFD20C9}.Debug|iPhoneSimulator.Deploy.0 = Debug|Any CPU
		{4EAE40B5-4C7D-4A54-B419-9D60BFFD20C9}.Debug|x64.ActiveCfg = Debug|Any CPU
		{4EAE40B5-4C7D-4A54-B419-9D60BFFD20C9}.Debug|x64.Build.0 = Debug|Any CPU
		{4EAE40B5-4C7D-4A54-B419-9D60BFFD20C9}.Debug|x64.Deploy.0 = Debug|Any CPU
		{4EAE40B5-4C7D-4A54-B419-9D60BFFD20C9}.Debug|x86.ActiveCfg = Debug|Any CPU
		{4EAE40B5-4C7D-4A54-B419-9D60BFFD20C9}.Debug|x86.Build.0 = Debug|Any CPU
		{4EAE40B5-4C7D-4A54-B419-9D60BFFD20C9}.Debug|x86.Deploy.0 = Debug|Any CPU
		{4EAE40B5-4C7D-4A54-B419-9D60BFFD20C9}.Release|Any CPU.ActiveCfg = Release|Any CPU
		{4EAE40B5-4C7D-4A54-B419-9D60BFFD20C9}.Release|Any CPU.Build.0 = Release|Any CPU
		{4EAE40B5-4C7D-4A54-B419-9D60BFFD20C9}.Release|Any CPU.Deploy.0 = Release|Any CPU
		{4EAE40B5-4C7D-4A54-B419-9D60BFFD20C9}.Release|ARM.ActiveCfg = Release|Any CPU
		{4EAE40B5-4C7D-4A54-B419-9D60BFFD20C9}.Release|ARM.Build.0 = Release|Any CPU
		{4EAE40B5-4C7D-4A54-B419-9D60BFFD20C9}.Release|ARM.Deploy.0 = Release|Any CPU
		{4EAE40B5-4C7D-4A54-B419-9D60BFFD20C9}.Release|iPhone.ActiveCfg = Release|Any CPU
		{4EAE40B5-4C7D-4A54-B419-9D60BFFD20C9}.Release|iPhone.Build.0 = Release|Any CPU
		{4EAE40B5-4C7D-4A54-B419-9D60BFFD20C9}.Release|iPhone.Deploy.0 = Release|Any CPU
		{4EAE40B5-4C7D-4A54-B419-9D60BFFD20C9}.Release|iPhoneSimulator.ActiveCfg = Release|Any CPU
		{4EAE40B5-4C7D-4A54-B419-9D60BFFD20C9}.Release|iPhoneSimulator.Build.0 = Release|Any CPU
		{4EAE40B5-4C7D-4A54-B419-9D60BFFD20C9}.Release|iPhoneSimulator.Deploy.0 = Release|Any CPU
		{4EAE40B5-4C7D-4A54-B419-9D60BFFD20C9}.Release|x64.ActiveCfg = Release|Any CPU
		{4EAE40B5-4C7D-4A54-B419-9D60BFFD20C9}.Release|x64.Build.0 = Release|Any CPU
		{4EAE40B5-4C7D-4A54-B419-9D60BFFD20C9}.Release|x64.Deploy.0 = Release|Any CPU
		{4EAE40B5-4C7D-4A54-B419-9D60BFFD20C9}.Release|x86.ActiveCfg = Release|Any CPU
		{4EAE40B5-4C7D-4A54-B419-9D60BFFD20C9}.Release|x86.Build.0 = Release|Any CPU
		{4EAE40B5-4C7D-4A54-B419-9D60BFFD20C9}.Release|x86.Deploy.0 = Release|Any CPU
		{D40DE5A6-3668-4D2D-BACC-B4363CC4FB5F}.Ad-Hoc|Any CPU.ActiveCfg = Ad-Hoc|iPhone
		{D40DE5A6-3668-4D2D-BACC-B4363CC4FB5F}.Ad-Hoc|ARM.ActiveCfg = Ad-Hoc|iPhoneSimulator
		{D40DE5A6-3668-4D2D-BACC-B4363CC4FB5F}.Ad-Hoc|iPhone.ActiveCfg = Ad-Hoc|iPhone
		{D40DE5A6-3668-4D2D-BACC-B4363CC4FB5F}.Ad-Hoc|iPhone.Build.0 = Ad-Hoc|iPhone
		{D40DE5A6-3668-4D2D-BACC-B4363CC4FB5F}.Ad-Hoc|iPhoneSimulator.ActiveCfg = Ad-Hoc|iPhoneSimulator
		{D40DE5A6-3668-4D2D-BACC-B4363CC4FB5F}.Ad-Hoc|iPhoneSimulator.Build.0 = Ad-Hoc|iPhoneSimulator
		{D40DE5A6-3668-4D2D-BACC-B4363CC4FB5F}.Ad-Hoc|x64.ActiveCfg = Ad-Hoc|iPhoneSimulator
		{D40DE5A6-3668-4D2D-BACC-B4363CC4FB5F}.Ad-Hoc|x86.ActiveCfg = Ad-Hoc|iPhoneSimulator
		{D40DE5A6-3668-4D2D-BACC-B4363CC4FB5F}.AppStore|Any CPU.ActiveCfg = AppStore|iPhone
		{D40DE5A6-3668-4D2D-BACC-B4363CC4FB5F}.AppStore|ARM.ActiveCfg = AppStore|iPhoneSimulator
		{D40DE5A6-3668-4D2D-BACC-B4363CC4FB5F}.AppStore|iPhone.ActiveCfg = AppStore|iPhone
		{D40DE5A6-3668-4D2D-BACC-B4363CC4FB5F}.AppStore|iPhone.Build.0 = AppStore|iPhone
		{D40DE5A6-3668-4D2D-BACC-B4363CC4FB5F}.AppStore|iPhoneSimulator.ActiveCfg = AppStore|iPhoneSimulator
		{D40DE5A6-3668-4D2D-BACC-B4363CC4FB5F}.AppStore|iPhoneSimulator.Build.0 = AppStore|iPhoneSimulator
		{D40DE5A6-3668-4D2D-BACC-B4363CC4FB5F}.AppStore|x64.ActiveCfg = AppStore|iPhoneSimulator
		{D40DE5A6-3668-4D2D-BACC-B4363CC4FB5F}.AppStore|x86.ActiveCfg = AppStore|iPhoneSimulator
		{D40DE5A6-3668-4D2D-BACC-B4363CC4FB5F}.Debug|Any CPU.ActiveCfg = Debug|iPhone
		{D40DE5A6-3668-4D2D-BACC-B4363CC4FB5F}.Debug|ARM.ActiveCfg = Debug|iPhoneSimulator
		{D40DE5A6-3668-4D2D-BACC-B4363CC4FB5F}.Debug|iPhone.ActiveCfg = Debug|iPhone
		{D40DE5A6-3668-4D2D-BACC-B4363CC4FB5F}.Debug|iPhone.Build.0 = Debug|iPhone
		{D40DE5A6-3668-4D2D-BACC-B4363CC4FB5F}.Debug|iPhoneSimulator.ActiveCfg = Debug|iPhoneSimulator
		{D40DE5A6-3668-4D2D-BACC-B4363CC4FB5F}.Debug|iPhoneSimulator.Build.0 = Debug|iPhoneSimulator
		{D40DE5A6-3668-4D2D-BACC-B4363CC4FB5F}.Debug|x64.ActiveCfg = Debug|iPhoneSimulator
		{D40DE5A6-3668-4D2D-BACC-B4363CC4FB5F}.Debug|x86.ActiveCfg = Debug|iPhoneSimulator
		{D40DE5A6-3668-4D2D-BACC-B4363CC4FB5F}.Release|Any CPU.ActiveCfg = Release|iPhone
		{D40DE5A6-3668-4D2D-BACC-B4363CC4FB5F}.Release|ARM.ActiveCfg = Release|iPhoneSimulator
		{D40DE5A6-3668-4D2D-BACC-B4363CC4FB5F}.Release|iPhone.ActiveCfg = Release|iPhone
		{D40DE5A6-3668-4D2D-BACC-B4363CC4FB5F}.Release|iPhone.Build.0 = Release|iPhone
		{D40DE5A6-3668-4D2D-BACC-B4363CC4FB5F}.Release|iPhoneSimulator.ActiveCfg = Release|iPhoneSimulator
		{D40DE5A6-3668-4D2D-BACC-B4363CC4FB5F}.Release|iPhoneSimulator.Build.0 = Release|iPhoneSimulator
		{D40DE5A6-3668-4D2D-BACC-B4363CC4FB5F}.Release|x64.ActiveCfg = Release|iPhoneSimulator
		{D40DE5A6-3668-4D2D-BACC-B4363CC4FB5F}.Release|x86.ActiveCfg = Release|iPhoneSimulator
		{FDC0EA33-F742-4C67-8C96-075D312D0D11}.Ad-Hoc|Any CPU.ActiveCfg = Debug|Any CPU
		{FDC0EA33-F742-4C67-8C96-075D312D0D11}.Ad-Hoc|Any CPU.Build.0 = Debug|Any CPU
		{FDC0EA33-F742-4C67-8C96-075D312D0D11}.Ad-Hoc|ARM.ActiveCfg = Release|Any CPU
		{FDC0EA33-F742-4C67-8C96-075D312D0D11}.Ad-Hoc|ARM.Build.0 = Release|Any CPU
		{FDC0EA33-F742-4C67-8C96-075D312D0D11}.Ad-Hoc|iPhone.ActiveCfg = Debug|Any CPU
		{FDC0EA33-F742-4C67-8C96-075D312D0D11}.Ad-Hoc|iPhone.Build.0 = Debug|Any CPU
		{FDC0EA33-F742-4C67-8C96-075D312D0D11}.Ad-Hoc|iPhoneSimulator.ActiveCfg = Debug|Any CPU
		{FDC0EA33-F742-4C67-8C96-075D312D0D11}.Ad-Hoc|iPhoneSimulator.Build.0 = Debug|Any CPU
		{FDC0EA33-F742-4C67-8C96-075D312D0D11}.Ad-Hoc|x64.ActiveCfg = Release|Any CPU
		{FDC0EA33-F742-4C67-8C96-075D312D0D11}.Ad-Hoc|x64.Build.0 = Release|Any CPU
		{FDC0EA33-F742-4C67-8C96-075D312D0D11}.Ad-Hoc|x86.ActiveCfg = Release|Any CPU
		{FDC0EA33-F742-4C67-8C96-075D312D0D11}.Ad-Hoc|x86.Build.0 = Release|Any CPU
		{FDC0EA33-F742-4C67-8C96-075D312D0D11}.AppStore|Any CPU.ActiveCfg = Debug|Any CPU
		{FDC0EA33-F742-4C67-8C96-075D312D0D11}.AppStore|Any CPU.Build.0 = Debug|Any CPU
		{FDC0EA33-F742-4C67-8C96-075D312D0D11}.AppStore|ARM.ActiveCfg = Release|Any CPU
		{FDC0EA33-F742-4C67-8C96-075D312D0D11}.AppStore|ARM.Build.0 = Release|Any CPU
		{FDC0EA33-F742-4C67-8C96-075D312D0D11}.AppStore|iPhone.ActiveCfg = Debug|Any CPU
		{FDC0EA33-F742-4C67-8C96-075D312D0D11}.AppStore|iPhone.Build.0 = Debug|Any CPU
		{FDC0EA33-F742-4C67-8C96-075D312D0D11}.AppStore|iPhoneSimulator.ActiveCfg = Debug|Any CPU
		{FDC0EA33-F742-4C67-8C96-075D312D0D11}.AppStore|iPhoneSimulator.Build.0 = Debug|Any CPU
		{FDC0EA33-F742-4C67-8C96-075D312D0D11}.AppStore|x64.ActiveCfg = Release|Any CPU
		{FDC0EA33-F742-4C67-8C96-075D312D0D11}.AppStore|x64.Build.0 = Release|Any CPU
		{FDC0EA33-F742-4C67-8C96-075D312D0D11}.AppStore|x86.ActiveCfg = Release|Any CPU
		{FDC0EA33-F742-4C67-8C96-075D312D0D11}.AppStore|x86.Build.0 = Release|Any CPU
		{FDC0EA33-F742-4C67-8C96-075D312D0D11}.Debug|Any CPU.ActiveCfg = Debug|Any CPU
		{FDC0EA33-F742-4C67-8C96-075D312D0D11}.Debug|Any CPU.Build.0 = Debug|Any CPU
		{FDC0EA33-F742-4C67-8C96-075D312D0D11}.Debug|ARM.ActiveCfg = Debug|Any CPU
		{FDC0EA33-F742-4C67-8C96-075D312D0D11}.Debug|ARM.Build.0 = Debug|Any CPU
		{FDC0EA33-F742-4C67-8C96-075D312D0D11}.Debug|iPhone.ActiveCfg = Debug|Any CPU
		{FDC0EA33-F742-4C67-8C96-075D312D0D11}.Debug|iPhone.Build.0 = Debug|Any CPU
		{FDC0EA33-F742-4C67-8C96-075D312D0D11}.Debug|iPhoneSimulator.ActiveCfg = Debug|Any CPU
		{FDC0EA33-F742-4C67-8C96-075D312D0D11}.Debug|iPhoneSimulator.Build.0 = Debug|Any CPU
		{FDC0EA33-F742-4C67-8C96-075D312D0D11}.Debug|x64.ActiveCfg = Debug|Any CPU
		{FDC0EA33-F742-4C67-8C96-075D312D0D11}.Debug|x64.Build.0 = Debug|Any CPU
		{FDC0EA33-F742-4C67-8C96-075D312D0D11}.Debug|x86.ActiveCfg = Debug|Any CPU
		{FDC0EA33-F742-4C67-8C96-075D312D0D11}.Debug|x86.Build.0 = Debug|Any CPU
		{FDC0EA33-F742-4C67-8C96-075D312D0D11}.Release|Any CPU.ActiveCfg = Release|Any CPU
		{FDC0EA33-F742-4C67-8C96-075D312D0D11}.Release|Any CPU.Build.0 = Release|Any CPU
		{FDC0EA33-F742-4C67-8C96-075D312D0D11}.Release|ARM.ActiveCfg = Release|Any CPU
		{FDC0EA33-F742-4C67-8C96-075D312D0D11}.Release|ARM.Build.0 = Release|Any CPU
		{FDC0EA33-F742-4C67-8C96-075D312D0D11}.Release|iPhone.ActiveCfg = Release|Any CPU
		{FDC0EA33-F742-4C67-8C96-075D312D0D11}.Release|iPhone.Build.0 = Release|Any CPU
		{FDC0EA33-F742-4C67-8C96-075D312D0D11}.Release|iPhoneSimulator.ActiveCfg = Release|Any CPU
		{FDC0EA33-F742-4C67-8C96-075D312D0D11}.Release|iPhoneSimulator.Build.0 = Release|Any CPU
		{FDC0EA33-F742-4C67-8C96-075D312D0D11}.Release|x64.ActiveCfg = Release|Any CPU
		{FDC0EA33-F742-4C67-8C96-075D312D0D11}.Release|x64.Build.0 = Release|Any CPU
		{FDC0EA33-F742-4C67-8C96-075D312D0D11}.Release|x86.ActiveCfg = Release|Any CPU
		{FDC0EA33-F742-4C67-8C96-075D312D0D11}.Release|x86.Build.0 = Release|Any CPU
		{6B05AAAC-55F1-4453-B79D-8425A5E696B9}.Ad-Hoc|Any CPU.ActiveCfg = Release|x86
		{6B05AAAC-55F1-4453-B79D-8425A5E696B9}.Ad-Hoc|Any CPU.Build.0 = Release|x86
		{6B05AAAC-55F1-4453-B79D-8425A5E696B9}.Ad-Hoc|Any CPU.Deploy.0 = Release|x86
		{6B05AAAC-55F1-4453-B79D-8425A5E696B9}.Ad-Hoc|ARM.ActiveCfg = Release|ARM
		{6B05AAAC-55F1-4453-B79D-8425A5E696B9}.Ad-Hoc|ARM.Build.0 = Release|ARM
		{6B05AAAC-55F1-4453-B79D-8425A5E696B9}.Ad-Hoc|ARM.Deploy.0 = Release|ARM
		{6B05AAAC-55F1-4453-B79D-8425A5E696B9}.Ad-Hoc|iPhone.ActiveCfg = Release|x86
		{6B05AAAC-55F1-4453-B79D-8425A5E696B9}.Ad-Hoc|iPhone.Build.0 = Release|x86
		{6B05AAAC-55F1-4453-B79D-8425A5E696B9}.Ad-Hoc|iPhone.Deploy.0 = Release|x86
		{6B05AAAC-55F1-4453-B79D-8425A5E696B9}.Ad-Hoc|iPhoneSimulator.ActiveCfg = Release|x86
		{6B05AAAC-55F1-4453-B79D-8425A5E696B9}.Ad-Hoc|iPhoneSimulator.Build.0 = Release|x86
		{6B05AAAC-55F1-4453-B79D-8425A5E696B9}.Ad-Hoc|iPhoneSimulator.Deploy.0 = Release|x86
		{6B05AAAC-55F1-4453-B79D-8425A5E696B9}.Ad-Hoc|x64.ActiveCfg = Release|x64
		{6B05AAAC-55F1-4453-B79D-8425A5E696B9}.Ad-Hoc|x64.Build.0 = Release|x64
		{6B05AAAC-55F1-4453-B79D-8425A5E696B9}.Ad-Hoc|x64.Deploy.0 = Release|x64
		{6B05AAAC-55F1-4453-B79D-8425A5E696B9}.Ad-Hoc|x86.ActiveCfg = Release|x86
		{6B05AAAC-55F1-4453-B79D-8425A5E696B9}.Ad-Hoc|x86.Build.0 = Release|x86
		{6B05AAAC-55F1-4453-B79D-8425A5E696B9}.Ad-Hoc|x86.Deploy.0 = Release|x86
		{6B05AAAC-55F1-4453-B79D-8425A5E696B9}.AppStore|Any CPU.ActiveCfg = Release|x86
		{6B05AAAC-55F1-4453-B79D-8425A5E696B9}.AppStore|Any CPU.Build.0 = Release|x86
		{6B05AAAC-55F1-4453-B79D-8425A5E696B9}.AppStore|Any CPU.Deploy.0 = Release|x86
		{6B05AAAC-55F1-4453-B79D-8425A5E696B9}.AppStore|ARM.ActiveCfg = Release|ARM
		{6B05AAAC-55F1-4453-B79D-8425A5E696B9}.AppStore|ARM.Build.0 = Release|ARM
		{6B05AAAC-55F1-4453-B79D-8425A5E696B9}.AppStore|ARM.Deploy.0 = Release|ARM
		{6B05AAAC-55F1-4453-B79D-8425A5E696B9}.AppStore|iPhone.ActiveCfg = Release|x86
		{6B05AAAC-55F1-4453-B79D-8425A5E696B9}.AppStore|iPhone.Build.0 = Release|x86
		{6B05AAAC-55F1-4453-B79D-8425A5E696B9}.AppStore|iPhone.Deploy.0 = Release|x86
		{6B05AAAC-55F1-4453-B79D-8425A5E696B9}.AppStore|iPhoneSimulator.ActiveCfg = Release|x86
		{6B05AAAC-55F1-4453-B79D-8425A5E696B9}.AppStore|iPhoneSimulator.Build.0 = Release|x86
		{6B05AAAC-55F1-4453-B79D-8425A5E696B9}.AppStore|iPhoneSimulator.Deploy.0 = Release|x86
		{6B05AAAC-55F1-4453-B79D-8425A5E696B9}.AppStore|x64.ActiveCfg = Release|x64
		{6B05AAAC-55F1-4453-B79D-8425A5E696B9}.AppStore|x64.Build.0 = Release|x64
		{6B05AAAC-55F1-4453-B79D-8425A5E696B9}.AppStore|x64.Deploy.0 = Release|x64
		{6B05AAAC-55F1-4453-B79D-8425A5E696B9}.AppStore|x86.ActiveCfg = Release|x86
		{6B05AAAC-55F1-4453-B79D-8425A5E696B9}.AppStore|x86.Build.0 = Release|x86
		{6B05AAAC-55F1-4453-B79D-8425A5E696B9}.AppStore|x86.Deploy.0 = Release|x86
		{6B05AAAC-55F1-4453-B79D-8425A5E696B9}.Debug|Any CPU.ActiveCfg = Debug|x86
		{6B05AAAC-55F1-4453-B79D-8425A5E696B9}.Debug|ARM.ActiveCfg = Debug|ARM
		{6B05AAAC-55F1-4453-B79D-8425A5E696B9}.Debug|ARM.Build.0 = Debug|ARM
		{6B05AAAC-55F1-4453-B79D-8425A5E696B9}.Debug|ARM.Deploy.0 = Debug|ARM
		{6B05AAAC-55F1-4453-B79D-8425A5E696B9}.Debug|iPhone.ActiveCfg = Debug|x86
		{6B05AAAC-55F1-4453-B79D-8425A5E696B9}.Debug|iPhoneSimulator.ActiveCfg = Debug|x86
		{6B05AAAC-55F1-4453-B79D-8425A5E696B9}.Debug|x64.ActiveCfg = Debug|x64
		{6B05AAAC-55F1-4453-B79D-8425A5E696B9}.Debug|x64.Build.0 = Debug|x64
		{6B05AAAC-55F1-4453-B79D-8425A5E696B9}.Debug|x64.Deploy.0 = Debug|x64
		{6B05AAAC-55F1-4453-B79D-8425A5E696B9}.Debug|x86.ActiveCfg = Debug|x86
		{6B05AAAC-55F1-4453-B79D-8425A5E696B9}.Debug|x86.Build.0 = Debug|x86
		{6B05AAAC-55F1-4453-B79D-8425A5E696B9}.Debug|x86.Deploy.0 = Debug|x86
		{6B05AAAC-55F1-4453-B79D-8425A5E696B9}.Release|Any CPU.ActiveCfg = Release|x86
		{6B05AAAC-55F1-4453-B79D-8425A5E696B9}.Release|ARM.ActiveCfg = Release|ARM
		{6B05AAAC-55F1-4453-B79D-8425A5E696B9}.Release|ARM.Build.0 = Release|ARM
		{6B05AAAC-55F1-4453-B79D-8425A5E696B9}.Release|ARM.Deploy.0 = Release|ARM
		{6B05AAAC-55F1-4453-B79D-8425A5E696B9}.Release|iPhone.ActiveCfg = Release|x86
		{6B05AAAC-55F1-4453-B79D-8425A5E696B9}.Release|iPhoneSimulator.ActiveCfg = Release|x86
		{6B05AAAC-55F1-4453-B79D-8425A5E696B9}.Release|x64.ActiveCfg = Release|x64
		{6B05AAAC-55F1-4453-B79D-8425A5E696B9}.Release|x64.Build.0 = Release|x64
		{6B05AAAC-55F1-4453-B79D-8425A5E696B9}.Release|x64.Deploy.0 = Release|x64
		{6B05AAAC-55F1-4453-B79D-8425A5E696B9}.Release|x86.ActiveCfg = Release|x86
		{6B05AAAC-55F1-4453-B79D-8425A5E696B9}.Release|x86.Build.0 = Release|x86
		{6B05AAAC-55F1-4453-B79D-8425A5E696B9}.Release|x86.Deploy.0 = Release|x86
		{45A0BC0E-1010-43B7-A413-7DDF3B87529C}.Ad-Hoc|Any CPU.ActiveCfg = Debug|Any CPU
		{45A0BC0E-1010-43B7-A413-7DDF3B87529C}.Ad-Hoc|Any CPU.Build.0 = Debug|Any CPU
		{45A0BC0E-1010-43B7-A413-7DDF3B87529C}.Ad-Hoc|ARM.ActiveCfg = Debug|Any CPU
		{45A0BC0E-1010-43B7-A413-7DDF3B87529C}.Ad-Hoc|ARM.Build.0 = Debug|Any CPU
		{45A0BC0E-1010-43B7-A413-7DDF3B87529C}.Ad-Hoc|iPhone.ActiveCfg = Debug|Any CPU
		{45A0BC0E-1010-43B7-A413-7DDF3B87529C}.Ad-Hoc|iPhone.Build.0 = Debug|Any CPU
		{45A0BC0E-1010-43B7-A413-7DDF3B87529C}.Ad-Hoc|iPhoneSimulator.ActiveCfg = Debug|Any CPU
		{45A0BC0E-1010-43B7-A413-7DDF3B87529C}.Ad-Hoc|iPhoneSimulator.Build.0 = Debug|Any CPU
		{45A0BC0E-1010-43B7-A413-7DDF3B87529C}.Ad-Hoc|x64.ActiveCfg = Debug|Any CPU
		{45A0BC0E-1010-43B7-A413-7DDF3B87529C}.Ad-Hoc|x64.Build.0 = Debug|Any CPU
		{45A0BC0E-1010-43B7-A413-7DDF3B87529C}.Ad-Hoc|x86.ActiveCfg = Debug|Any CPU
		{45A0BC0E-1010-43B7-A413-7DDF3B87529C}.Ad-Hoc|x86.Build.0 = Debug|Any CPU
		{45A0BC0E-1010-43B7-A413-7DDF3B87529C}.AppStore|Any CPU.ActiveCfg = Debug|Any CPU
		{45A0BC0E-1010-43B7-A413-7DDF3B87529C}.AppStore|Any CPU.Build.0 = Debug|Any CPU
		{45A0BC0E-1010-43B7-A413-7DDF3B87529C}.AppStore|ARM.ActiveCfg = Debug|Any CPU
		{45A0BC0E-1010-43B7-A413-7DDF3B87529C}.AppStore|ARM.Build.0 = Debug|Any CPU
		{45A0BC0E-1010-43B7-A413-7DDF3B87529C}.AppStore|iPhone.ActiveCfg = Debug|Any CPU
		{45A0BC0E-1010-43B7-A413-7DDF3B87529C}.AppStore|iPhone.Build.0 = Debug|Any CPU
		{45A0BC0E-1010-43B7-A413-7DDF3B87529C}.AppStore|iPhoneSimulator.ActiveCfg = Debug|Any CPU
		{45A0BC0E-1010-43B7-A413-7DDF3B87529C}.AppStore|iPhoneSimulator.Build.0 = Debug|Any CPU
		{45A0BC0E-1010-43B7-A413-7DDF3B87529C}.AppStore|x64.ActiveCfg = Debug|Any CPU
		{45A0BC0E-1010-43B7-A413-7DDF3B87529C}.AppStore|x64.Build.0 = Debug|Any CPU
		{45A0BC0E-1010-43B7-A413-7DDF3B87529C}.AppStore|x86.ActiveCfg = Debug|Any CPU
		{45A0BC0E-1010-43B7-A413-7DDF3B87529C}.AppStore|x86.Build.0 = Debug|Any CPU
		{45A0BC0E-1010-43B7-A413-7DDF3B87529C}.Debug|Any CPU.ActiveCfg = Debug|Any CPU
		{45A0BC0E-1010-43B7-A413-7DDF3B87529C}.Debug|Any CPU.Build.0 = Debug|Any CPU
		{45A0BC0E-1010-43B7-A413-7DDF3B87529C}.Debug|ARM.ActiveCfg = Debug|Any CPU
		{45A0BC0E-1010-43B7-A413-7DDF3B87529C}.Debug|ARM.Build.0 = Debug|Any CPU
		{45A0BC0E-1010-43B7-A413-7DDF3B87529C}.Debug|iPhone.ActiveCfg = Debug|Any CPU
		{45A0BC0E-1010-43B7-A413-7DDF3B87529C}.Debug|iPhone.Build.0 = Debug|Any CPU
		{45A0BC0E-1010-43B7-A413-7DDF3B87529C}.Debug|iPhoneSimulator.ActiveCfg = Debug|Any CPU
		{45A0BC0E-1010-43B7-A413-7DDF3B87529C}.Debug|iPhoneSimulator.Build.0 = Debug|Any CPU
		{45A0BC0E-1010-43B7-A413-7DDF3B87529C}.Debug|x64.ActiveCfg = Debug|Any CPU
		{45A0BC0E-1010-43B7-A413-7DDF3B87529C}.Debug|x64.Build.0 = Debug|Any CPU
		{45A0BC0E-1010-43B7-A413-7DDF3B87529C}.Debug|x86.ActiveCfg = Debug|Any CPU
		{45A0BC0E-1010-43B7-A413-7DDF3B87529C}.Debug|x86.Build.0 = Debug|Any CPU
		{45A0BC0E-1010-43B7-A413-7DDF3B87529C}.Release|Any CPU.ActiveCfg = Release|Any CPU
		{45A0BC0E-1010-43B7-A413-7DDF3B87529C}.Release|Any CPU.Build.0 = Release|Any CPU
		{45A0BC0E-1010-43B7-A413-7DDF3B87529C}.Release|ARM.ActiveCfg = Release|Any CPU
		{45A0BC0E-1010-43B7-A413-7DDF3B87529C}.Release|ARM.Build.0 = Release|Any CPU
		{45A0BC0E-1010-43B7-A413-7DDF3B87529C}.Release|iPhone.ActiveCfg = Release|Any CPU
		{45A0BC0E-1010-43B7-A413-7DDF3B87529C}.Release|iPhone.Build.0 = Release|Any CPU
		{45A0BC0E-1010-43B7-A413-7DDF3B87529C}.Release|iPhoneSimulator.ActiveCfg = Release|Any CPU
		{45A0BC0E-1010-43B7-A413-7DDF3B87529C}.Release|iPhoneSimulator.Build.0 = Release|Any CPU
		{45A0BC0E-1010-43B7-A413-7DDF3B87529C}.Release|x64.ActiveCfg = Release|Any CPU
		{45A0BC0E-1010-43B7-A413-7DDF3B87529C}.Release|x64.Build.0 = Release|Any CPU
		{45A0BC0E-1010-43B7-A413-7DDF3B87529C}.Release|x86.ActiveCfg = Release|Any CPU
		{45A0BC0E-1010-43B7-A413-7DDF3B87529C}.Release|x86.Build.0 = Release|Any CPU
		{52F4CEF1-FE7C-47E2-93F1-A175C69AA283}.Ad-Hoc|Any CPU.ActiveCfg = Debug|Any CPU
		{52F4CEF1-FE7C-47E2-93F1-A175C69AA283}.Ad-Hoc|Any CPU.Build.0 = Debug|Any CPU
		{52F4CEF1-FE7C-47E2-93F1-A175C69AA283}.Ad-Hoc|ARM.ActiveCfg = Debug|Any CPU
		{52F4CEF1-FE7C-47E2-93F1-A175C69AA283}.Ad-Hoc|ARM.Build.0 = Debug|Any CPU
		{52F4CEF1-FE7C-47E2-93F1-A175C69AA283}.Ad-Hoc|iPhone.ActiveCfg = Debug|Any CPU
		{52F4CEF1-FE7C-47E2-93F1-A175C69AA283}.Ad-Hoc|iPhone.Build.0 = Debug|Any CPU
		{52F4CEF1-FE7C-47E2-93F1-A175C69AA283}.Ad-Hoc|iPhoneSimulator.ActiveCfg = Debug|Any CPU
		{52F4CEF1-FE7C-47E2-93F1-A175C69AA283}.Ad-Hoc|iPhoneSimulator.Build.0 = Debug|Any CPU
		{52F4CEF1-FE7C-47E2-93F1-A175C69AA283}.Ad-Hoc|x64.ActiveCfg = Debug|Any CPU
		{52F4CEF1-FE7C-47E2-93F1-A175C69AA283}.Ad-Hoc|x64.Build.0 = Debug|Any CPU
		{52F4CEF1-FE7C-47E2-93F1-A175C69AA283}.Ad-Hoc|x86.ActiveCfg = Debug|Any CPU
		{52F4CEF1-FE7C-47E2-93F1-A175C69AA283}.Ad-Hoc|x86.Build.0 = Debug|Any CPU
		{52F4CEF1-FE7C-47E2-93F1-A175C69AA283}.AppStore|Any CPU.ActiveCfg = Debug|Any CPU
		{52F4CEF1-FE7C-47E2-93F1-A175C69AA283}.AppStore|Any CPU.Build.0 = Debug|Any CPU
		{52F4CEF1-FE7C-47E2-93F1-A175C69AA283}.AppStore|ARM.ActiveCfg = Debug|Any CPU
		{52F4CEF1-FE7C-47E2-93F1-A175C69AA283}.AppStore|ARM.Build.0 = Debug|Any CPU
		{52F4CEF1-FE7C-47E2-93F1-A175C69AA283}.AppStore|iPhone.ActiveCfg = Debug|Any CPU
		{52F4CEF1-FE7C-47E2-93F1-A175C69AA283}.AppStore|iPhone.Build.0 = Debug|Any CPU
		{52F4CEF1-FE7C-47E2-93F1-A175C69AA283}.AppStore|iPhoneSimulator.ActiveCfg = Debug|Any CPU
		{52F4CEF1-FE7C-47E2-93F1-A175C69AA283}.AppStore|iPhoneSimulator.Build.0 = Debug|Any CPU
		{52F4CEF1-FE7C-47E2-93F1-A175C69AA283}.AppStore|x64.ActiveCfg = Debug|Any CPU
		{52F4CEF1-FE7C-47E2-93F1-A175C69AA283}.AppStore|x64.Build.0 = Debug|Any CPU
		{52F4CEF1-FE7C-47E2-93F1-A175C69AA283}.AppStore|x86.ActiveCfg = Debug|Any CPU
		{52F4CEF1-FE7C-47E2-93F1-A175C69AA283}.AppStore|x86.Build.0 = Debug|Any CPU
		{52F4CEF1-FE7C-47E2-93F1-A175C69AA283}.Debug|Any CPU.ActiveCfg = Debug|Any CPU
		{52F4CEF1-FE7C-47E2-93F1-A175C69AA283}.Debug|Any CPU.Build.0 = Debug|Any CPU
		{52F4CEF1-FE7C-47E2-93F1-A175C69AA283}.Debug|ARM.ActiveCfg = Debug|Any CPU
		{52F4CEF1-FE7C-47E2-93F1-A175C69AA283}.Debug|ARM.Build.0 = Debug|Any CPU
		{52F4CEF1-FE7C-47E2-93F1-A175C69AA283}.Debug|iPhone.ActiveCfg = Debug|Any CPU
		{52F4CEF1-FE7C-47E2-93F1-A175C69AA283}.Debug|iPhone.Build.0 = Debug|Any CPU
		{52F4CEF1-FE7C-47E2-93F1-A175C69AA283}.Debug|iPhoneSimulator.ActiveCfg = Debug|Any CPU
		{52F4CEF1-FE7C-47E2-93F1-A175C69AA283}.Debug|iPhoneSimulator.Build.0 = Debug|Any CPU
		{52F4CEF1-FE7C-47E2-93F1-A175C69AA283}.Debug|x64.ActiveCfg = Debug|Any CPU
		{52F4CEF1-FE7C-47E2-93F1-A175C69AA283}.Debug|x64.Build.0 = Debug|Any CPU
		{52F4CEF1-FE7C-47E2-93F1-A175C69AA283}.Debug|x86.ActiveCfg = Debug|Any CPU
		{52F4CEF1-FE7C-47E2-93F1-A175C69AA283}.Debug|x86.Build.0 = Debug|Any CPU
		{52F4CEF1-FE7C-47E2-93F1-A175C69AA283}.Release|Any CPU.ActiveCfg = Release|Any CPU
		{52F4CEF1-FE7C-47E2-93F1-A175C69AA283}.Release|Any CPU.Build.0 = Release|Any CPU
		{52F4CEF1-FE7C-47E2-93F1-A175C69AA283}.Release|ARM.ActiveCfg = Release|Any CPU
		{52F4CEF1-FE7C-47E2-93F1-A175C69AA283}.Release|ARM.Build.0 = Release|Any CPU
		{52F4CEF1-FE7C-47E2-93F1-A175C69AA283}.Release|iPhone.ActiveCfg = Release|Any CPU
		{52F4CEF1-FE7C-47E2-93F1-A175C69AA283}.Release|iPhone.Build.0 = Release|Any CPU
		{52F4CEF1-FE7C-47E2-93F1-A175C69AA283}.Release|iPhoneSimulator.ActiveCfg = Release|Any CPU
		{52F4CEF1-FE7C-47E2-93F1-A175C69AA283}.Release|iPhoneSimulator.Build.0 = Release|Any CPU
		{52F4CEF1-FE7C-47E2-93F1-A175C69AA283}.Release|x64.ActiveCfg = Release|Any CPU
		{52F4CEF1-FE7C-47E2-93F1-A175C69AA283}.Release|x64.Build.0 = Release|Any CPU
		{52F4CEF1-FE7C-47E2-93F1-A175C69AA283}.Release|x86.ActiveCfg = Release|Any CPU
		{52F4CEF1-FE7C-47E2-93F1-A175C69AA283}.Release|x86.Build.0 = Release|Any CPU
		{9C2E7E1A-9113-4E48-ACFF-9ADF15FF77B4}.Ad-Hoc|Any CPU.ActiveCfg = Debug|Any CPU
		{9C2E7E1A-9113-4E48-ACFF-9ADF15FF77B4}.Ad-Hoc|Any CPU.Build.0 = Debug|Any CPU
		{9C2E7E1A-9113-4E48-ACFF-9ADF15FF77B4}.Ad-Hoc|ARM.ActiveCfg = Debug|Any CPU
		{9C2E7E1A-9113-4E48-ACFF-9ADF15FF77B4}.Ad-Hoc|ARM.Build.0 = Debug|Any CPU
		{9C2E7E1A-9113-4E48-ACFF-9ADF15FF77B4}.Ad-Hoc|iPhone.ActiveCfg = Debug|Any CPU
		{9C2E7E1A-9113-4E48-ACFF-9ADF15FF77B4}.Ad-Hoc|iPhone.Build.0 = Debug|Any CPU
		{9C2E7E1A-9113-4E48-ACFF-9ADF15FF77B4}.Ad-Hoc|iPhoneSimulator.ActiveCfg = Debug|Any CPU
		{9C2E7E1A-9113-4E48-ACFF-9ADF15FF77B4}.Ad-Hoc|iPhoneSimulator.Build.0 = Debug|Any CPU
		{9C2E7E1A-9113-4E48-ACFF-9ADF15FF77B4}.Ad-Hoc|x64.ActiveCfg = Debug|Any CPU
		{9C2E7E1A-9113-4E48-ACFF-9ADF15FF77B4}.Ad-Hoc|x64.Build.0 = Debug|Any CPU
		{9C2E7E1A-9113-4E48-ACFF-9ADF15FF77B4}.Ad-Hoc|x86.ActiveCfg = Debug|Any CPU
		{9C2E7E1A-9113-4E48-ACFF-9ADF15FF77B4}.Ad-Hoc|x86.Build.0 = Debug|Any CPU
		{9C2E7E1A-9113-4E48-ACFF-9ADF15FF77B4}.AppStore|Any CPU.ActiveCfg = Debug|Any CPU
		{9C2E7E1A-9113-4E48-ACFF-9ADF15FF77B4}.AppStore|Any CPU.Build.0 = Debug|Any CPU
		{9C2E7E1A-9113-4E48-ACFF-9ADF15FF77B4}.AppStore|ARM.ActiveCfg = Debug|Any CPU
		{9C2E7E1A-9113-4E48-ACFF-9ADF15FF77B4}.AppStore|ARM.Build.0 = Debug|Any CPU
		{9C2E7E1A-9113-4E48-ACFF-9ADF15FF77B4}.AppStore|iPhone.ActiveCfg = Debug|Any CPU
		{9C2E7E1A-9113-4E48-ACFF-9ADF15FF77B4}.AppStore|iPhone.Build.0 = Debug|Any CPU
		{9C2E7E1A-9113-4E48-ACFF-9ADF15FF77B4}.AppStore|iPhoneSimulator.ActiveCfg = Debug|Any CPU
		{9C2E7E1A-9113-4E48-ACFF-9ADF15FF77B4}.AppStore|iPhoneSimulator.Build.0 = Debug|Any CPU
		{9C2E7E1A-9113-4E48-ACFF-9ADF15FF77B4}.AppStore|x64.ActiveCfg = Debug|Any CPU
		{9C2E7E1A-9113-4E48-ACFF-9ADF15FF77B4}.AppStore|x64.Build.0 = Debug|Any CPU
		{9C2E7E1A-9113-4E48-ACFF-9ADF15FF77B4}.AppStore|x86.ActiveCfg = Debug|Any CPU
		{9C2E7E1A-9113-4E48-ACFF-9ADF15FF77B4}.AppStore|x86.Build.0 = Debug|Any CPU
		{9C2E7E1A-9113-4E48-ACFF-9ADF15FF77B4}.Debug|Any CPU.ActiveCfg = Debug|Any CPU
		{9C2E7E1A-9113-4E48-ACFF-9ADF15FF77B4}.Debug|Any CPU.Build.0 = Debug|Any CPU
		{9C2E7E1A-9113-4E48-ACFF-9ADF15FF77B4}.Debug|ARM.ActiveCfg = Debug|Any CPU
		{9C2E7E1A-9113-4E48-ACFF-9ADF15FF77B4}.Debug|ARM.Build.0 = Debug|Any CPU
		{9C2E7E1A-9113-4E48-ACFF-9ADF15FF77B4}.Debug|iPhone.ActiveCfg = Debug|Any CPU
		{9C2E7E1A-9113-4E48-ACFF-9ADF15FF77B4}.Debug|iPhone.Build.0 = Debug|Any CPU
		{9C2E7E1A-9113-4E48-ACFF-9ADF15FF77B4}.Debug|iPhoneSimulator.ActiveCfg = Debug|Any CPU
		{9C2E7E1A-9113-4E48-ACFF-9ADF15FF77B4}.Debug|iPhoneSimulator.Build.0 = Debug|Any CPU
		{9C2E7E1A-9113-4E48-ACFF-9ADF15FF77B4}.Debug|x64.ActiveCfg = Debug|Any CPU
		{9C2E7E1A-9113-4E48-ACFF-9ADF15FF77B4}.Debug|x64.Build.0 = Debug|Any CPU
		{9C2E7E1A-9113-4E48-ACFF-9ADF15FF77B4}.Debug|x86.ActiveCfg = Debug|Any CPU
		{9C2E7E1A-9113-4E48-ACFF-9ADF15FF77B4}.Debug|x86.Build.0 = Debug|Any CPU
		{9C2E7E1A-9113-4E48-ACFF-9ADF15FF77B4}.Release|Any CPU.ActiveCfg = Release|Any CPU
		{9C2E7E1A-9113-4E48-ACFF-9ADF15FF77B4}.Release|Any CPU.Build.0 = Release|Any CPU
		{9C2E7E1A-9113-4E48-ACFF-9ADF15FF77B4}.Release|ARM.ActiveCfg = Release|Any CPU
		{9C2E7E1A-9113-4E48-ACFF-9ADF15FF77B4}.Release|ARM.Build.0 = Release|Any CPU
		{9C2E7E1A-9113-4E48-ACFF-9ADF15FF77B4}.Release|iPhone.ActiveCfg = Release|Any CPU
		{9C2E7E1A-9113-4E48-ACFF-9ADF15FF77B4}.Release|iPhone.Build.0 = Release|Any CPU
		{9C2E7E1A-9113-4E48-ACFF-9ADF15FF77B4}.Release|iPhoneSimulator.ActiveCfg = Release|Any CPU
		{9C2E7E1A-9113-4E48-ACFF-9ADF15FF77B4}.Release|iPhoneSimulator.Build.0 = Release|Any CPU
		{9C2E7E1A-9113-4E48-ACFF-9ADF15FF77B4}.Release|x64.ActiveCfg = Release|Any CPU
		{9C2E7E1A-9113-4E48-ACFF-9ADF15FF77B4}.Release|x64.Build.0 = Release|Any CPU
		{9C2E7E1A-9113-4E48-ACFF-9ADF15FF77B4}.Release|x86.ActiveCfg = Release|Any CPU
		{9C2E7E1A-9113-4E48-ACFF-9ADF15FF77B4}.Release|x86.Build.0 = Release|Any CPU
	EndGlobalSection
	GlobalSection(SolutionProperties) = preSolution
		HideSolutionNode = FALSE
	EndGlobalSection
	GlobalSection(NestedProjects) = preSolution
		{49AC7E88-931C-4F64-92D6-9FCCE4D3DF90} = {B6FCF6D2-AC92-47F4-B42C-842CE89F96FA}
		{4EAE40B5-4C7D-4A54-B419-9D60BFFD20C9} = {81E702BE-65E8-4580-BFF1-278ACED487B9}
		{D40DE5A6-3668-4D2D-BACC-B4363CC4FB5F} = {81E702BE-65E8-4580-BFF1-278ACED487B9}
		{FDC0EA33-F742-4C67-8C96-075D312D0D11} = {B6FCF6D2-AC92-47F4-B42C-842CE89F96FA}
		{6B05AAAC-55F1-4453-B79D-8425A5E696B9} = {81E702BE-65E8-4580-BFF1-278ACED487B9}
		{45A0BC0E-1010-43B7-A413-7DDF3B87529C} = {81E702BE-65E8-4580-BFF1-278ACED487B9}
		{52F4CEF1-FE7C-47E2-93F1-A175C69AA283} = {A52530E5-1ACA-4FBB-B76E-1611B74DD1EE}
		{9C2E7E1A-9113-4E48-ACFF-9ADF15FF77B4} = {A52530E5-1ACA-4FBB-B76E-1611B74DD1EE}
	EndGlobalSection
	GlobalSection(ExtensibilityGlobals) = postSolution
		SolutionGuid = {1369D0FA-415B-46AF-97ED-19B094C39E90}
	EndGlobalSection
EndGlobal
